// !$*UTF8*$!
{
	archiveVersion = 1;
	classes = {
	};
	objectVersion = 56;
	objects = {

/* Begin PBXBuildFile section */
		951088202C4F9EAE00F01C88 /* AttribitedScreenshotView.swift in Sources */ = {isa = PBXBuildFile; fileRef = 9510881F2C4F9EAE00F01C88 /* AttribitedScreenshotView.swift */; };
		951097852C518C8E00F01C88 /* RecommendationView.swift in Sources */ = {isa = PBXBuildFile; fileRef = 951097842C518C8E00F01C88 /* RecommendationView.swift */; };
		951098982C540EBF00F01C88 /* ArcadiaNeoGeoPocketCore.framework in Frameworks */ = {isa = PBXBuildFile; fileRef = 951098972C540EBF00F01C88 /* ArcadiaNeoGeoPocketCore.framework */; };
		951098992C540EBF00F01C88 /* ArcadiaNeoGeoPocketCore.framework in Embed Frameworks */ = {isa = PBXBuildFile; fileRef = 951098972C540EBF00F01C88 /* ArcadiaNeoGeoPocketCore.framework */; settings = {ATTRIBUTES = (CodeSignOnCopy, RemoveHeadersOnCopy, ); }; };
		9510F1E02C54F98300F01C88 /* ArcadiaMasterSystemCore.framework in Frameworks */ = {isa = PBXBuildFile; fileRef = 9510F1DF2C54F98300F01C88 /* ArcadiaMasterSystemCore.framework */; };
		9510F1E12C54F98300F01C88 /* ArcadiaMasterSystemCore.framework in Embed Frameworks */ = {isa = PBXBuildFile; fileRef = 9510F1DF2C54F98300F01C88 /* ArcadiaMasterSystemCore.framework */; settings = {ATTRIBUTES = (CodeSignOnCopy, RemoveHeadersOnCopy, ); }; };
		9510FE0A2C57715500F01C88 /* ArcadiaGenesisCore.framework in Frameworks */ = {isa = PBXBuildFile; fileRef = 9510FE092C57715500F01C88 /* ArcadiaGenesisCore.framework */; };
		9510FE0B2C57715500F01C88 /* ArcadiaGenesisCore.framework in Embed Frameworks */ = {isa = PBXBuildFile; fileRef = 9510FE092C57715500F01C88 /* ArcadiaGenesisCore.framework */; settings = {ATTRIBUTES = (CodeSignOnCopy, RemoveHeadersOnCopy, ); }; };
		9510FE142C594C7000F01C88 /* ThreeButtonsView.swift in Sources */ = {isa = PBXBuildFile; fileRef = 9510FE132C594C7000F01C88 /* ThreeButtonsView.swift */; };
		9510FE182C5FC26D00F01C88 /* Localizable.xcstrings in Resources */ = {isa = PBXBuildFile; fileRef = 9510FE172C5FC26D00F01C88 /* Localizable.xcstrings */; };
		9510FE1A2C5FDB1700F01C88 /* ArcadiaButtonOnlyLayout.swift in Sources */ = {isa = PBXBuildFile; fileRef = 9510FE192C5FDB1700F01C88 /* ArcadiaButtonOnlyLayout.swift */; };
		9510FE1E2C61FC1100F01C88 /* ActionButtonsView.swift in Sources */ = {isa = PBXBuildFile; fileRef = 9510FE1D2C61FC1100F01C88 /* ActionButtonsView.swift */; };
		9510FE202C61FE5300F01C88 /* ArcadiaButtonLayout.swift in Sources */ = {isa = PBXBuildFile; fileRef = 9510FE1F2C61FE5300F01C88 /* ArcadiaButtonLayout.swift */; };
		9510FE222C62089D00F01C88 /* ArcadiaButtonLayoutLeft.swift in Sources */ = {isa = PBXBuildFile; fileRef = 9510FE212C62089D00F01C88 /* ArcadiaButtonLayoutLeft.swift */; };
		9510FE242C6208AD00F01C88 /* ArcadiaButtonLayoutRight.swift in Sources */ = {isa = PBXBuildFile; fileRef = 9510FE232C6208AD00F01C88 /* ArcadiaButtonLayoutRight.swift */; };
		9510FE272C62480300F01C88 /* EmptyButtonView.swift in Sources */ = {isa = PBXBuildFile; fileRef = 9510FE262C62480300F01C88 /* EmptyButtonView.swift */; };
		9528F7802BF4B97800E2CEC6 /* CurrentBufferMetalRenderer.swift in Sources */ = {isa = PBXBuildFile; fileRef = 9528F77F2BF4B97800E2CEC6 /* CurrentBufferMetalRenderer.swift */; };
		9528F7872BF4E52400E2CEC6 /* InputController.swift in Sources */ = {isa = PBXBuildFile; fileRef = 9528F7862BF4E52400E2CEC6 /* InputController.swift */; };
		952C3A7D2C0BDC5C00DF2832 /* openvgdb.sqlite in Resources */ = {isa = PBXBuildFile; fileRef = 952C3A7C2C0BDC5B00DF2832 /* openvgdb.sqlite */; };
		953DE99E2DCBDB4200A0C105 /* ArcadiaSyncDriverProtocol.swift in Sources */ = {isa = PBXBuildFile; fileRef = 953DE99D2DCBDB2F00A0C105 /* ArcadiaSyncDriverProtocol.swift */; };
		953DE9A22DCE024600A0C105 /* ArcadiaiCloudSyncDriver.swift in Sources */ = {isa = PBXBuildFile; fileRef = 953DE9A12DCE023F00A0C105 /* ArcadiaiCloudSyncDriver.swift */; };
		953DE9A42DCE027A00A0C105 /* ArcadiaCloudSyncManager.swift in Sources */ = {isa = PBXBuildFile; fileRef = 953DE9A32DCE027400A0C105 /* ArcadiaCloudSyncManager.swift */; };
		953DE9A62DCE029F00A0C105 /* ArcadiaCloudSyncStatus.swift in Sources */ = {isa = PBXBuildFile; fileRef = 953DE9A52DCE029900A0C105 /* ArcadiaCloudSyncStatus.swift */; };
		95456BB62BE2ACA900113B8A /* ArcadiaApp.swift in Sources */ = {isa = PBXBuildFile; fileRef = 95456BB52BE2ACA900113B8A /* ArcadiaApp.swift */; };
		95456BB82BE2ACA900113B8A /* RunGameView.swift in Sources */ = {isa = PBXBuildFile; fileRef = 95456BB72BE2ACA900113B8A /* RunGameView.swift */; };
		95456BBA2BE2ACA900113B8A /* Item.swift in Sources */ = {isa = PBXBuildFile; fileRef = 95456BB92BE2ACA900113B8A /* Item.swift */; };
		95456BC02BE2ACAC00113B8A /* Preview Assets.xcassets in Resources */ = {isa = PBXBuildFile; fileRef = 95456BBF2BE2ACAC00113B8A /* Preview Assets.xcassets */; };
		95456BCA2BE2ACAC00113B8A /* ArcadiaAppTests.swift in Sources */ = {isa = PBXBuildFile; fileRef = 95456BC92BE2ACAC00113B8A /* ArcadiaAppTests.swift */; };
		95456BD42BE2ACAC00113B8A /* ArcadiaAppUITests.swift in Sources */ = {isa = PBXBuildFile; fileRef = 95456BD32BE2ACAC00113B8A /* ArcadiaAppUITests.swift */; };
		95456BD62BE2ACAC00113B8A /* ArcadiaAppUITestsLaunchTests.swift in Sources */ = {isa = PBXBuildFile; fileRef = 95456BD52BE2ACAC00113B8A /* ArcadiaAppUITestsLaunchTests.swift */; };
		955CC3732BF7C29E00C930ED /* CurrentBufferAudioPlayer.swift in Sources */ = {isa = PBXBuildFile; fileRef = 955CC3722BF7C29E00C930ED /* CurrentBufferAudioPlayer.swift */; };
		955CC3752BF7C74E00C930ED /* DPadView.swift in Sources */ = {isa = PBXBuildFile; fileRef = 955CC3742BF7C74E00C930ED /* DPadView.swift */; };
		955CC3792BF7E43400C930ED /* DPadButtonView.swift in Sources */ = {isa = PBXBuildFile; fileRef = 955CC3782BF7E43400C930ED /* DPadButtonView.swift */; };
		955CC37C2BF7E47D00C930ED /* Trapezoid.swift in Sources */ = {isa = PBXBuildFile; fileRef = 955CC37B2BF7E47D00C930ED /* Trapezoid.swift */; };
		955CC3822BF7E54E00C930ED /* CircleButtonView.swift in Sources */ = {isa = PBXBuildFile; fileRef = 955CC3812BF7E54E00C930ED /* CircleButtonView.swift */; };
		955CC3842BF7E63F00C930ED /* CapsuleButtonView.swift in Sources */ = {isa = PBXBuildFile; fileRef = 955CC3832BF7E63F00C930ED /* CapsuleButtonView.swift */; };
		955CC3942BF8EEA100C930ED /* ArcadiaGameType.swift in Sources */ = {isa = PBXBuildFile; fileRef = 955CC3932BF8EEA100C930ED /* ArcadiaGameType.swift */; };
		955CC3982BF9668300C930ED /* ArcadiaCore.framework in Frameworks */ = {isa = PBXBuildFile; fileRef = 955CC3972BF9668300C930ED /* ArcadiaCore.framework */; };
		955CC39B2BFA0D9B00C930ED /* Triangle.swift in Sources */ = {isa = PBXBuildFile; fileRef = 955CC39A2BFA0D9B00C930ED /* Triangle.swift */; };
		955CC3A02BFB265D00C930ED /* TwoButtonsView.swift in Sources */ = {isa = PBXBuildFile; fileRef = 955CC39F2BFB265C00C930ED /* TwoButtonsView.swift */; };
		956F83FB2BEA67380025FC5F /* GameLibraryView.swift in Sources */ = {isa = PBXBuildFile; fileRef = 956F83FA2BEA67370025FC5F /* GameLibraryView.swift */; };
		956F83FD2BEA67590025FC5F /* CurrentFrameView.swift in Sources */ = {isa = PBXBuildFile; fileRef = 956F83FC2BEA67590025FC5F /* CurrentFrameView.swift */; };
		956F84002BEA70970025FC5F /* ArcadiaGame.swift in Sources */ = {isa = PBXBuildFile; fileRef = 956F83FF2BEA70970025FC5F /* ArcadiaGame.swift */; };
		956F84022BEA75280025FC5F /* GameCollectionView.swift in Sources */ = {isa = PBXBuildFile; fileRef = 956F84012BEA75280025FC5F /* GameCollectionView.swift */; };
		956F84082BEA8B9B0025FC5F /* ArcadiaFileManager.swift in Sources */ = {isa = PBXBuildFile; fileRef = 956F84072BEA8B9B0025FC5F /* ArcadiaFileManager.swift */; };
		956F840B2BEBED810025FC5F /* GameRowView.swift in Sources */ = {isa = PBXBuildFile; fileRef = 956F840A2BEBED810025FC5F /* GameRowView.swift */; };
		956F840D2BEBF59F0025FC5F /* SettingsView.swift in Sources */ = {isa = PBXBuildFile; fileRef = 956F840C2BEBF59F0025FC5F /* SettingsView.swift */; };
		956F84272BF4846C0025FC5F /* Shaders.metal in Sources */ = {isa = PBXBuildFile; fileRef = 956F84262BF4846C0025FC5F /* Shaders.metal */; };
		956F84292BF486E80025FC5F /* CurrentBufferMetalViewBinding.swift in Sources */ = {isa = PBXBuildFile; fileRef = 956F84282BF486E80025FC5F /* CurrentBufferMetalViewBinding.swift */; };
		95707CB32BFF148B00217B82 /* GCVirtualControllerView.swift in Sources */ = {isa = PBXBuildFile; fileRef = 95707CB22BFF148B00217B82 /* GCVirtualControllerView.swift */; };
		95707CB82C006F4100217B82 /* Assets.xcassets in Resources */ = {isa = PBXBuildFile; fileRef = 95707CB72C006F4100217B82 /* Assets.xcassets */; };
		95707CBA2C00E67100217B82 /* GameSystemRowView.swift in Sources */ = {isa = PBXBuildFile; fileRef = 95707CB92C00E67100217B82 /* GameSystemRowView.swift */; };
		95707CBC2C00ED7500217B82 /* ArrowButtonView.swift in Sources */ = {isa = PBXBuildFile; fileRef = 95707CBB2C00ED7500217B82 /* ArrowButtonView.swift */; };
		95707CBF2C01D77400217B82 /* HelpView.swift in Sources */ = {isa = PBXBuildFile; fileRef = 95707CBE2C01D77400217B82 /* HelpView.swift */; };
		95707CC12C01E38100217B82 /* CreditsView.swift in Sources */ = {isa = PBXBuildFile; fileRef = 95707CC02C01E38100217B82 /* CreditsView.swift */; };
		95707CC32C020F7200217B82 /* OverlayView.swift in Sources */ = {isa = PBXBuildFile; fileRef = 95707CC22C020F7200217B82 /* OverlayView.swift */; };
		959F3BAB2C1188E8009EF53B /* CurrentBufferMetalView.swift in Sources */ = {isa = PBXBuildFile; fileRef = 959F3BAA2C1188E7009EF53B /* CurrentBufferMetalView.swift */; };
		959F81ED2C1A2BB1009EF53B /* InputSettingsView.swift in Sources */ = {isa = PBXBuildFile; fileRef = 959F81EC2C1A2BB1009EF53B /* InputSettingsView.swift */; };
		959F81F92C1C684F009EF53B /* PlayerSelectionView.swift in Sources */ = {isa = PBXBuildFile; fileRef = 959F81F82C1C684E009EF53B /* PlayerSelectionView.swift */; };
		95AB49782CAEC56500E3AC13 /* ArcadiaPokemonMiniCore.framework in Frameworks */ = {isa = PBXBuildFile; fileRef = 95AB49772CAEC56500E3AC13 /* ArcadiaPokemonMiniCore.framework */; };
		95AB49792CAEC56500E3AC13 /* ArcadiaPokemonMiniCore.framework in Embed Frameworks */ = {isa = PBXBuildFile; fileRef = 95AB49772CAEC56500E3AC13 /* ArcadiaPokemonMiniCore.framework */; settings = {ATTRIBUTES = (CodeSignOnCopy, RemoveHeadersOnCopy, ); }; };
		95C487562CA9D1FF00010491 /* CoreInfoView.swift in Sources */ = {isa = PBXBuildFile; fileRef = 95C487552CA9D1FF00010491 /* CoreInfoView.swift */; };
		95CC71F12C3AEAA5009FB8DD /* ArcadiaCore.framework in Embed Frameworks */ = {isa = PBXBuildFile; fileRef = 955CC3972BF9668300C930ED /* ArcadiaCore.framework */; settings = {ATTRIBUTES = (CodeSignOnCopy, RemoveHeadersOnCopy, ); }; };
		95CC74AB2C3BC199009FB8DD /* ArcadiaGBCCore.framework in Frameworks */ = {isa = PBXBuildFile; fileRef = 95CC74AA2C3BC199009FB8DD /* ArcadiaGBCCore.framework */; };
		95CC74AC2C3BC199009FB8DD /* ArcadiaGBCCore.framework in Embed Frameworks */ = {isa = PBXBuildFile; fileRef = 95CC74AA2C3BC199009FB8DD /* ArcadiaGBCCore.framework */; settings = {ATTRIBUTES = (CodeSignOnCopy, RemoveHeadersOnCopy, ); }; };
		95CC7A4F2C3BC597009FB8DD /* ArcadiaNESCore.framework in Frameworks */ = {isa = PBXBuildFile; fileRef = 952CF6812C0724C200DF2832 /* ArcadiaNESCore.framework */; };
		95CC7A502C3BC597009FB8DD /* ArcadiaNESCore.framework in Embed Frameworks */ = {isa = PBXBuildFile; fileRef = 952CF6812C0724C200DF2832 /* ArcadiaNESCore.framework */; settings = {ATTRIBUTES = (CodeSignOnCopy, RemoveHeadersOnCopy, ); }; };
		95CC7B482C3BDA3F009FB8DD /* ArcadiaGBACore.framework in Frameworks */ = {isa = PBXBuildFile; fileRef = 952C5E9B2C108F8C00DF2832 /* ArcadiaGBACore.framework */; };
		95CC7B492C3BDA3F009FB8DD /* ArcadiaGBACore.framework in Embed Frameworks */ = {isa = PBXBuildFile; fileRef = 952C5E9B2C108F8C00DF2832 /* ArcadiaGBACore.framework */; settings = {ATTRIBUTES = (CodeSignOnCopy, RemoveHeadersOnCopy, ); }; };
		95CC82312C3BE088009FB8DD /* ArcadiaSNESCore.framework in Frameworks */ = {isa = PBXBuildFile; fileRef = 95F5BAD62C2D7BFF0034CAD7 /* ArcadiaSNESCore.framework */; };
		95CC82322C3BE088009FB8DD /* ArcadiaSNESCore.framework in Embed Frameworks */ = {isa = PBXBuildFile; fileRef = 95F5BAD62C2D7BFF0034CAD7 /* ArcadiaSNESCore.framework */; settings = {ATTRIBUTES = (CodeSignOnCopy, RemoveHeadersOnCopy, ); }; };
		95CC82342C3D4136009FB8DD /* StorageSettingsView.swift in Sources */ = {isa = PBXBuildFile; fileRef = 95CC82332C3D4136009FB8DD /* StorageSettingsView.swift */; };
		95CC84BE2C4712CA009FB8DD /* ArcadiaAtari2600Core.framework in Frameworks */ = {isa = PBXBuildFile; fileRef = 95CC84BD2C4712CA009FB8DD /* ArcadiaAtari2600Core.framework */; };
		95CC84BF2C4712CA009FB8DD /* ArcadiaAtari2600Core.framework in Embed Frameworks */ = {isa = PBXBuildFile; fileRef = 95CC84BD2C4712CA009FB8DD /* ArcadiaAtari2600Core.framework */; settings = {ATTRIBUTES = (CodeSignOnCopy, RemoveHeadersOnCopy, ); }; };
		95CC86CE2C47B54E009FB8DD /* BButtonView.swift in Sources */ = {isa = PBXBuildFile; fileRef = 95CC86CD2C47B54E009FB8DD /* BButtonView.swift */; };
		95CC86D42C47E76E009FB8DD /* EmptyCollectionView.swift in Sources */ = {isa = PBXBuildFile; fileRef = 95CC86D32C47E76E009FB8DD /* EmptyCollectionView.swift */; };
		95CC87EC2C48EDCA009FB8DD /* ArcadiaAtari7800Core.framework in Frameworks */ = {isa = PBXBuildFile; fileRef = 95CC87EB2C48EDCA009FB8DD /* ArcadiaAtari7800Core.framework */; };
		95CC87ED2C48EDCA009FB8DD /* ArcadiaAtari7800Core.framework in Embed Frameworks */ = {isa = PBXBuildFile; fileRef = 95CC87EB2C48EDCA009FB8DD /* ArcadiaAtari7800Core.framework */; settings = {ATTRIBUTES = (CodeSignOnCopy, RemoveHeadersOnCopy, ); }; };
		95CE66C42C8A17B9005BAF8B /* The Last Super.sfc in Resources */ = {isa = PBXBuildFile; fileRef = 95CE66C32C8A17B9005BAF8B /* The Last Super.sfc */; };
		95CE66C62C8A18A4005BAF8B /* Keeping SNES Alive.sfc in Resources */ = {isa = PBXBuildFile; fileRef = 95CE66C52C8A18A4005BAF8B /* Keeping SNES Alive.sfc */; };
		95CE66C82C8A1E78005BAF8B /* DMG Deals Damage.gb in Resources */ = {isa = PBXBuildFile; fileRef = 95CE66C72C8A1E78005BAF8B /* DMG Deals Damage.gb */; };
		95CE66CA2C8A1FAC005BAF8B /* Break An Egg.md in Resources */ = {isa = PBXBuildFile; fileRef = 95CE66C92C8A1FAC005BAF8B /* Break An Egg.md */; };
		95D794FC2C949EB400C2BA8D /* ArcadiaNavigationState.swift in Sources */ = {isa = PBXBuildFile; fileRef = 95D794FB2C949EB400C2BA8D /* ArcadiaNavigationState.swift */; };
		95D794FE2C94A93E00C2BA8D /* ArcadiaSaveFile.swift in Sources */ = {isa = PBXBuildFile; fileRef = 95D794FD2C94A93E00C2BA8D /* ArcadiaSaveFile.swift */; };
		95D795002C94C07500C2BA8D /* ArcadiaGameFile.swift in Sources */ = {isa = PBXBuildFile; fileRef = 95D794FF2C94C07500C2BA8D /* ArcadiaGameFile.swift */; };
		95D795022C94D53D00C2BA8D /* ArcadiaExportedFile.swift in Sources */ = {isa = PBXBuildFile; fileRef = 95D795012C94D53D00C2BA8D /* ArcadiaExportedFile.swift */; };
		95D795042C98065900C2BA8D /* ImportGameFromSheetView.swift in Sources */ = {isa = PBXBuildFile; fileRef = 95D795032C98065900C2BA8D /* ImportGameFromSheetView.swift */; };
		95D795062C98A00E00C2BA8D /* AudioSettingsView.swift in Sources */ = {isa = PBXBuildFile; fileRef = 95D795052C98A00E00C2BA8D /* AudioSettingsView.swift */; };
		95E005702CB2E67F00C66D56 /* CustomizeUIView.swift in Sources */ = {isa = PBXBuildFile; fileRef = 95E0056F2CB2E67F00C66D56 /* CustomizeUIView.swift */; };
		95E005752CB2F35E00C66D56 /* Color+Extensions.swift in Sources */ = {isa = PBXBuildFile; fileRef = 95E005742CB2F35E00C66D56 /* Color+Extensions.swift */; };
		95E3C47F2C7E28C80060AC81 /* DiscoverGameListView.swift in Sources */ = {isa = PBXBuildFile; fileRef = 95E3C47E2C7E28C80060AC81 /* DiscoverGameListView.swift */; };
		95E3C4822C7F08D00060AC81 /* DiscoverGameRowView.swift in Sources */ = {isa = PBXBuildFile; fileRef = 95E3C4812C7F08D00060AC81 /* DiscoverGameRowView.swift */; };
		95E3C4842C7F18FB0060AC81 /* DiscoverGameDetailView.swift in Sources */ = {isa = PBXBuildFile; fileRef = 95E3C4832C7F18FB0060AC81 /* DiscoverGameDetailView.swift */; };
		95E3C48A2C80D1FC0060AC81 /* ArcadiaFeaturedDevelopers.plist in Resources */ = {isa = PBXBuildFile; fileRef = 95E3C4892C80D1FC0060AC81 /* ArcadiaFeaturedDevelopers.plist */; };
		95E3C48C2C80D2CB0060AC81 /* ArcadiaFeaturedGames.plist in Resources */ = {isa = PBXBuildFile; fileRef = 95E3C48B2C80D2CB0060AC81 /* ArcadiaFeaturedGames.plist */; };
		95E3C48E2C8195920060AC81 /* ArcadiaGameDeveloper.swift in Sources */ = {isa = PBXBuildFile; fileRef = 95E3C48D2C8195920060AC81 /* ArcadiaGameDeveloper.swift */; };
		95E3C4902C8195B30060AC81 /* ArcadiaFeaturedGame.swift in Sources */ = {isa = PBXBuildFile; fileRef = 95E3C48F2C8195B30060AC81 /* ArcadiaFeaturedGame.swift */; };
		95E3C4922C8195CD0060AC81 /* ArcadiaFeaturedContent.swift in Sources */ = {isa = PBXBuildFile; fileRef = 95E3C4912C8195CD0060AC81 /* ArcadiaFeaturedContent.swift */; };
		95E3C4942C81B86F0060AC81 /* DiscoverDeveloperDetailView.swift in Sources */ = {isa = PBXBuildFile; fileRef = 95E3C4932C81B86F0060AC81 /* DiscoverDeveloperDetailView.swift */; };
		95E3C4962C81CCB50060AC81 /* ArcadiaDeveloperSocialLink.swift in Sources */ = {isa = PBXBuildFile; fileRef = 95E3C4952C81CCB50060AC81 /* ArcadiaDeveloperSocialLink.swift */; };
		95E3C4992C81E9B60060AC81 /* Bubble Frog.gb in Resources */ = {isa = PBXBuildFile; fileRef = 95E3C4982C81E9B60060AC81 /* Bubble Frog.gb */; };
		95E3C49B2C88C4280060AC81 /* Minigun Miner.a26 in Resources */ = {isa = PBXBuildFile; fileRef = 95E3C49A2C88C4270060AC81 /* Minigun Miner.a26 */; };
		95E3C49D2C88C4680060AC81 /* MeteoRain.gba in Resources */ = {isa = PBXBuildFile; fileRef = 95E3C49C2C88C4680060AC81 /* MeteoRain.gba */; };
		95E3C49F2C88C5080060AC81 /* Chumbles Bumbles.gb in Resources */ = {isa = PBXBuildFile; fileRef = 95E3C49E2C88C5070060AC81 /* Chumbles Bumbles.gb */; };
		95F0200B2C24B3F90087DAC2 /* AppIconView.swift in Sources */ = {isa = PBXBuildFile; fileRef = 95F0200A2C24B3F90087DAC2 /* AppIconView.swift */; };
		95F0200D2C24B4260087DAC2 /* ContributeView.swift in Sources */ = {isa = PBXBuildFile; fileRef = 95F0200C2C24B4260087DAC2 /* ContributeView.swift */; };
		95F5BADD2C2DBC080034CAD7 /* FourButtonsView.swift in Sources */ = {isa = PBXBuildFile; fileRef = 95F5BADC2C2DBC080034CAD7 /* FourButtonsView.swift */; };
		95FAC8692C7CDD720071DC12 /* WordEmbedding.mlmodel in Sources */ = {isa = PBXBuildFile; fileRef = 95FAC8682C7CDD720071DC12 /* WordEmbedding.mlmodel */; };
/* End PBXBuildFile section */

/* Begin PBXContainerItemProxy section */
		95456BC62BE2ACAC00113B8A /* PBXContainerItemProxy */ = {
			isa = PBXContainerItemProxy;
			containerPortal = 95456BAA2BE2ACA900113B8A /* Project object */;
			proxyType = 1;
			remoteGlobalIDString = 95456BB12BE2ACA900113B8A;
			remoteInfo = iRetroApp;
		};
		95456BD02BE2ACAC00113B8A /* PBXContainerItemProxy */ = {
			isa = PBXContainerItemProxy;
			containerPortal = 95456BAA2BE2ACA900113B8A /* Project object */;
			proxyType = 1;
			remoteGlobalIDString = 95456BB12BE2ACA900113B8A;
			remoteInfo = iRetroApp;
		};
/* End PBXContainerItemProxy section */

/* Begin PBXCopyFilesBuildPhase section */
		95456C3B2BE2B4C800113B8A /* Embed Frameworks */ = {
			isa = PBXCopyFilesBuildPhase;
			buildActionMask = 2147483647;
			dstPath = "";
			dstSubfolderSpec = 10;
			files = (
				95CC87ED2C48EDCA009FB8DD /* ArcadiaAtari7800Core.framework in Embed Frameworks */,
				95AB49792CAEC56500E3AC13 /* ArcadiaPokemonMiniCore.framework in Embed Frameworks */,
				95CC71F12C3AEAA5009FB8DD /* ArcadiaCore.framework in Embed Frameworks */,
				9510FE0B2C57715500F01C88 /* ArcadiaGenesisCore.framework in Embed Frameworks */,
				951098992C540EBF00F01C88 /* ArcadiaNeoGeoPocketCore.framework in Embed Frameworks */,
				95CC7B492C3BDA3F009FB8DD /* ArcadiaGBACore.framework in Embed Frameworks */,
				95CC7A502C3BC597009FB8DD /* ArcadiaNESCore.framework in Embed Frameworks */,
				95CC84BF2C4712CA009FB8DD /* ArcadiaAtari2600Core.framework in Embed Frameworks */,
				95CC82322C3BE088009FB8DD /* ArcadiaSNESCore.framework in Embed Frameworks */,
				9510F1E12C54F98300F01C88 /* ArcadiaMasterSystemCore.framework in Embed Frameworks */,
				95CC74AC2C3BC199009FB8DD /* ArcadiaGBCCore.framework in Embed Frameworks */,
			);
			name = "Embed Frameworks";
			runOnlyForDeploymentPostprocessing = 0;
		};
/* End PBXCopyFilesBuildPhase section */

/* Begin PBXFileReference section */
		9510881F2C4F9EAE00F01C88 /* AttribitedScreenshotView.swift */ = {isa = PBXFileReference; lastKnownFileType = sourcecode.swift; path = AttribitedScreenshotView.swift; sourceTree = "<group>"; };
		951097842C518C8E00F01C88 /* RecommendationView.swift */ = {isa = PBXFileReference; lastKnownFileType = sourcecode.swift; path = RecommendationView.swift; sourceTree = "<group>"; };
		951098972C540EBF00F01C88 /* ArcadiaNeoGeoPocketCore.framework */ = {isa = PBXFileReference; explicitFileType = wrapper.framework; path = ArcadiaNeoGeoPocketCore.framework; sourceTree = BUILT_PRODUCTS_DIR; };
		9510F1DF2C54F98300F01C88 /* ArcadiaMasterSystemCore.framework */ = {isa = PBXFileReference; explicitFileType = wrapper.framework; path = ArcadiaMasterSystemCore.framework; sourceTree = BUILT_PRODUCTS_DIR; };
		9510FE092C57715500F01C88 /* ArcadiaGenesisCore.framework */ = {isa = PBXFileReference; explicitFileType = wrapper.framework; path = ArcadiaGenesisCore.framework; sourceTree = BUILT_PRODUCTS_DIR; };
		9510FE132C594C7000F01C88 /* ThreeButtonsView.swift */ = {isa = PBXFileReference; lastKnownFileType = sourcecode.swift; path = ThreeButtonsView.swift; sourceTree = "<group>"; };
		9510FE172C5FC26D00F01C88 /* Localizable.xcstrings */ = {isa = PBXFileReference; lastKnownFileType = text.json.xcstrings; path = Localizable.xcstrings; sourceTree = "<group>"; };
		9510FE192C5FDB1700F01C88 /* ArcadiaButtonOnlyLayout.swift */ = {isa = PBXFileReference; lastKnownFileType = sourcecode.swift; path = ArcadiaButtonOnlyLayout.swift; sourceTree = "<group>"; };
		9510FE1D2C61FC1100F01C88 /* ActionButtonsView.swift */ = {isa = PBXFileReference; lastKnownFileType = sourcecode.swift; path = ActionButtonsView.swift; sourceTree = "<group>"; };
		9510FE1F2C61FE5300F01C88 /* ArcadiaButtonLayout.swift */ = {isa = PBXFileReference; lastKnownFileType = sourcecode.swift; path = ArcadiaButtonLayout.swift; sourceTree = "<group>"; };
		9510FE212C62089D00F01C88 /* ArcadiaButtonLayoutLeft.swift */ = {isa = PBXFileReference; lastKnownFileType = sourcecode.swift; path = ArcadiaButtonLayoutLeft.swift; sourceTree = "<group>"; };
		9510FE232C6208AD00F01C88 /* ArcadiaButtonLayoutRight.swift */ = {isa = PBXFileReference; lastKnownFileType = sourcecode.swift; path = ArcadiaButtonLayoutRight.swift; sourceTree = "<group>"; };
		9510FE262C62480300F01C88 /* EmptyButtonView.swift */ = {isa = PBXFileReference; lastKnownFileType = sourcecode.swift; path = EmptyButtonView.swift; sourceTree = "<group>"; };
		9528F77F2BF4B97800E2CEC6 /* CurrentBufferMetalRenderer.swift */ = {isa = PBXFileReference; lastKnownFileType = sourcecode.swift; path = CurrentBufferMetalRenderer.swift; sourceTree = "<group>"; };
		9528F7862BF4E52400E2CEC6 /* InputController.swift */ = {isa = PBXFileReference; lastKnownFileType = sourcecode.swift; path = InputController.swift; sourceTree = "<group>"; };
		952C3A7C2C0BDC5B00DF2832 /* openvgdb.sqlite */ = {isa = PBXFileReference; lastKnownFileType = file; path = openvgdb.sqlite; sourceTree = "<group>"; };
		952C5E9B2C108F8C00DF2832 /* ArcadiaGBACore.framework */ = {isa = PBXFileReference; explicitFileType = wrapper.framework; path = ArcadiaGBACore.framework; sourceTree = BUILT_PRODUCTS_DIR; };
		952CF6812C0724C200DF2832 /* ArcadiaNESCore.framework */ = {isa = PBXFileReference; explicitFileType = wrapper.framework; path = ArcadiaNESCore.framework; sourceTree = BUILT_PRODUCTS_DIR; };
		953DE99D2DCBDB2F00A0C105 /* ArcadiaSyncDriverProtocol.swift */ = {isa = PBXFileReference; lastKnownFileType = sourcecode.swift; path = ArcadiaSyncDriverProtocol.swift; sourceTree = "<group>"; };
		953DE9A12DCE023F00A0C105 /* ArcadiaiCloudSyncDriver.swift */ = {isa = PBXFileReference; lastKnownFileType = sourcecode.swift; path = ArcadiaiCloudSyncDriver.swift; sourceTree = "<group>"; };
		953DE9A32DCE027400A0C105 /* ArcadiaCloudSyncManager.swift */ = {isa = PBXFileReference; lastKnownFileType = sourcecode.swift; path = ArcadiaCloudSyncManager.swift; sourceTree = "<group>"; };
		953DE9A52DCE029900A0C105 /* ArcadiaCloudSyncStatus.swift */ = {isa = PBXFileReference; lastKnownFileType = sourcecode.swift; path = ArcadiaCloudSyncStatus.swift; sourceTree = "<group>"; };
		95456BB22BE2ACA900113B8A /* Arcadia.app */ = {isa = PBXFileReference; explicitFileType = wrapper.application; includeInIndex = 0; path = Arcadia.app; sourceTree = BUILT_PRODUCTS_DIR; };
		95456BB52BE2ACA900113B8A /* ArcadiaApp.swift */ = {isa = PBXFileReference; lastKnownFileType = sourcecode.swift; path = ArcadiaApp.swift; sourceTree = "<group>"; };
		95456BB72BE2ACA900113B8A /* RunGameView.swift */ = {isa = PBXFileReference; lastKnownFileType = sourcecode.swift; path = RunGameView.swift; sourceTree = "<group>"; };
		95456BB92BE2ACA900113B8A /* Item.swift */ = {isa = PBXFileReference; lastKnownFileType = sourcecode.swift; path = Item.swift; sourceTree = "<group>"; };
		95456BBD2BE2ACAB00113B8A /* Arcadia.entitlements */ = {isa = PBXFileReference; lastKnownFileType = text.plist.entitlements; path = Arcadia.entitlements; sourceTree = "<group>"; };
		95456BBF2BE2ACAC00113B8A /* Preview Assets.xcassets */ = {isa = PBXFileReference; lastKnownFileType = folder.assetcatalog; path = "Preview Assets.xcassets"; sourceTree = "<group>"; };
		95456BC52BE2ACAC00113B8A /* ArcadiaTests.xctest */ = {isa = PBXFileReference; explicitFileType = wrapper.cfbundle; includeInIndex = 0; path = ArcadiaTests.xctest; sourceTree = BUILT_PRODUCTS_DIR; };
		95456BC92BE2ACAC00113B8A /* ArcadiaAppTests.swift */ = {isa = PBXFileReference; lastKnownFileType = sourcecode.swift; path = ArcadiaAppTests.swift; sourceTree = "<group>"; };
		95456BCF2BE2ACAC00113B8A /* ArcadiaUITests.xctest */ = {isa = PBXFileReference; explicitFileType = wrapper.cfbundle; includeInIndex = 0; path = ArcadiaUITests.xctest; sourceTree = BUILT_PRODUCTS_DIR; };
		95456BD32BE2ACAC00113B8A /* ArcadiaAppUITests.swift */ = {isa = PBXFileReference; lastKnownFileType = sourcecode.swift; path = ArcadiaAppUITests.swift; sourceTree = "<group>"; };
		95456BD52BE2ACAC00113B8A /* ArcadiaAppUITestsLaunchTests.swift */ = {isa = PBXFileReference; lastKnownFileType = sourcecode.swift; path = ArcadiaAppUITestsLaunchTests.swift; sourceTree = "<group>"; };
		955CC3722BF7C29E00C930ED /* CurrentBufferAudioPlayer.swift */ = {isa = PBXFileReference; lastKnownFileType = sourcecode.swift; path = CurrentBufferAudioPlayer.swift; sourceTree = "<group>"; };
		955CC3742BF7C74E00C930ED /* DPadView.swift */ = {isa = PBXFileReference; lastKnownFileType = sourcecode.swift; path = DPadView.swift; sourceTree = "<group>"; };
		955CC3782BF7E43400C930ED /* DPadButtonView.swift */ = {isa = PBXFileReference; lastKnownFileType = sourcecode.swift; path = DPadButtonView.swift; sourceTree = "<group>"; };
		955CC37B2BF7E47D00C930ED /* Trapezoid.swift */ = {isa = PBXFileReference; lastKnownFileType = sourcecode.swift; path = Trapezoid.swift; sourceTree = "<group>"; };
		955CC3812BF7E54E00C930ED /* CircleButtonView.swift */ = {isa = PBXFileReference; lastKnownFileType = sourcecode.swift; path = CircleButtonView.swift; sourceTree = "<group>"; };
		955CC3832BF7E63F00C930ED /* CapsuleButtonView.swift */ = {isa = PBXFileReference; lastKnownFileType = sourcecode.swift; path = CapsuleButtonView.swift; sourceTree = "<group>"; };
		955CC3932BF8EEA100C930ED /* ArcadiaGameType.swift */ = {isa = PBXFileReference; lastKnownFileType = sourcecode.swift; path = ArcadiaGameType.swift; sourceTree = "<group>"; };
		955CC3972BF9668300C930ED /* ArcadiaCore.framework */ = {isa = PBXFileReference; explicitFileType = wrapper.framework; path = ArcadiaCore.framework; sourceTree = BUILT_PRODUCTS_DIR; };
		955CC39A2BFA0D9B00C930ED /* Triangle.swift */ = {isa = PBXFileReference; lastKnownFileType = sourcecode.swift; path = Triangle.swift; sourceTree = "<group>"; };
		955CC39F2BFB265C00C930ED /* TwoButtonsView.swift */ = {isa = PBXFileReference; lastKnownFileType = sourcecode.swift; path = TwoButtonsView.swift; sourceTree = "<group>"; };
		956F83FA2BEA67370025FC5F /* GameLibraryView.swift */ = {isa = PBXFileReference; lastKnownFileType = sourcecode.swift; path = GameLibraryView.swift; sourceTree = "<group>"; };
		956F83FC2BEA67590025FC5F /* CurrentFrameView.swift */ = {isa = PBXFileReference; lastKnownFileType = sourcecode.swift; path = CurrentFrameView.swift; sourceTree = "<group>"; };
		956F83FF2BEA70970025FC5F /* ArcadiaGame.swift */ = {isa = PBXFileReference; lastKnownFileType = sourcecode.swift; path = ArcadiaGame.swift; sourceTree = "<group>"; };
		956F84012BEA75280025FC5F /* GameCollectionView.swift */ = {isa = PBXFileReference; lastKnownFileType = sourcecode.swift; path = GameCollectionView.swift; sourceTree = "<group>"; };
		956F84072BEA8B9B0025FC5F /* ArcadiaFileManager.swift */ = {isa = PBXFileReference; lastKnownFileType = sourcecode.swift; path = ArcadiaFileManager.swift; sourceTree = "<group>"; };
		956F84092BEBE9740025FC5F /* README.md */ = {isa = PBXFileReference; lastKnownFileType = net.daringfireball.markdown; path = README.md; sourceTree = "<group>"; };
		956F840A2BEBED810025FC5F /* GameRowView.swift */ = {isa = PBXFileReference; lastKnownFileType = sourcecode.swift; path = GameRowView.swift; sourceTree = "<group>"; };
		956F840C2BEBF59F0025FC5F /* SettingsView.swift */ = {isa = PBXFileReference; lastKnownFileType = sourcecode.swift; path = SettingsView.swift; sourceTree = "<group>"; };
		956F84262BF4846C0025FC5F /* Shaders.metal */ = {isa = PBXFileReference; lastKnownFileType = sourcecode.metal; path = Shaders.metal; sourceTree = "<group>"; };
		956F84282BF486E80025FC5F /* CurrentBufferMetalViewBinding.swift */ = {isa = PBXFileReference; lastKnownFileType = sourcecode.swift; path = CurrentBufferMetalViewBinding.swift; sourceTree = "<group>"; };
		956F842D2BF48F190025FC5F /* ArcadiaGBCCore.framework */ = {isa = PBXFileReference; explicitFileType = wrapper.framework; path = ArcadiaGBCCore.framework; sourceTree = BUILT_PRODUCTS_DIR; };
		95707CB22BFF148B00217B82 /* GCVirtualControllerView.swift */ = {isa = PBXFileReference; lastKnownFileType = sourcecode.swift; path = GCVirtualControllerView.swift; sourceTree = "<group>"; };
		95707CB72C006F4100217B82 /* Assets.xcassets */ = {isa = PBXFileReference; lastKnownFileType = folder.assetcatalog; path = Assets.xcassets; sourceTree = "<group>"; };
		95707CB92C00E67100217B82 /* GameSystemRowView.swift */ = {isa = PBXFileReference; lastKnownFileType = sourcecode.swift; path = GameSystemRowView.swift; sourceTree = "<group>"; };
		95707CBB2C00ED7500217B82 /* ArrowButtonView.swift */ = {isa = PBXFileReference; lastKnownFileType = sourcecode.swift; path = ArrowButtonView.swift; sourceTree = "<group>"; };
		95707CBE2C01D77400217B82 /* HelpView.swift */ = {isa = PBXFileReference; lastKnownFileType = sourcecode.swift; path = HelpView.swift; sourceTree = "<group>"; };
		95707CC02C01E38100217B82 /* CreditsView.swift */ = {isa = PBXFileReference; lastKnownFileType = sourcecode.swift; path = CreditsView.swift; sourceTree = "<group>"; };
		95707CC22C020F7200217B82 /* OverlayView.swift */ = {isa = PBXFileReference; lastKnownFileType = sourcecode.swift; path = OverlayView.swift; sourceTree = "<group>"; };
		959F3BAA2C1188E7009EF53B /* CurrentBufferMetalView.swift */ = {isa = PBXFileReference; lastKnownFileType = sourcecode.swift; path = CurrentBufferMetalView.swift; sourceTree = "<group>"; };
		959F81EC2C1A2BB1009EF53B /* InputSettingsView.swift */ = {isa = PBXFileReference; lastKnownFileType = sourcecode.swift; path = InputSettingsView.swift; sourceTree = "<group>"; };
		959F81F82C1C684E009EF53B /* PlayerSelectionView.swift */ = {isa = PBXFileReference; lastKnownFileType = sourcecode.swift; path = PlayerSelectionView.swift; sourceTree = "<group>"; };
		95AB49772CAEC56500E3AC13 /* ArcadiaPokemonMiniCore.framework */ = {isa = PBXFileReference; explicitFileType = wrapper.framework; path = ArcadiaPokemonMiniCore.framework; sourceTree = BUILT_PRODUCTS_DIR; };
		95C487552CA9D1FF00010491 /* CoreInfoView.swift */ = {isa = PBXFileReference; lastKnownFileType = sourcecode.swift; path = CoreInfoView.swift; sourceTree = "<group>"; };
		95CC71F42C3AED9E009FB8DD /* LibretroVBANext.framework */ = {isa = PBXFileReference; explicitFileType = wrapper.framework; path = LibretroVBANext.framework; sourceTree = BUILT_PRODUCTS_DIR; };
		95CC72052C3AEF4F009FB8DD /* LibretroGearboy.framework */ = {isa = PBXFileReference; explicitFileType = wrapper.framework; path = LibretroGearboy.framework; sourceTree = BUILT_PRODUCTS_DIR; };
		95CC72082C3AEF54009FB8DD /* Libretrosnes9x.framework */ = {isa = PBXFileReference; explicitFileType = wrapper.framework; path = Libretrosnes9x.framework; sourceTree = BUILT_PRODUCTS_DIR; };
		95CC720B2C3AEF5B009FB8DD /* LibretroNestopia.framework */ = {isa = PBXFileReference; explicitFileType = wrapper.framework; path = LibretroNestopia.framework; sourceTree = BUILT_PRODUCTS_DIR; };
		95CC74AA2C3BC199009FB8DD /* ArcadiaGBCCore.framework */ = {isa = PBXFileReference; explicitFileType = wrapper.framework; path = ArcadiaGBCCore.framework; sourceTree = BUILT_PRODUCTS_DIR; };
		95CC82332C3D4136009FB8DD /* StorageSettingsView.swift */ = {isa = PBXFileReference; lastKnownFileType = sourcecode.swift; path = StorageSettingsView.swift; sourceTree = "<group>"; };
		95CC84BD2C4712CA009FB8DD /* ArcadiaAtari2600Core.framework */ = {isa = PBXFileReference; explicitFileType = wrapper.framework; path = ArcadiaAtari2600Core.framework; sourceTree = BUILT_PRODUCTS_DIR; };
		95CC86CD2C47B54E009FB8DD /* BButtonView.swift */ = {isa = PBXFileReference; lastKnownFileType = sourcecode.swift; path = BButtonView.swift; sourceTree = "<group>"; };
		95CC86D32C47E76E009FB8DD /* EmptyCollectionView.swift */ = {isa = PBXFileReference; lastKnownFileType = sourcecode.swift; path = EmptyCollectionView.swift; sourceTree = "<group>"; };
		95CC87EB2C48EDCA009FB8DD /* ArcadiaAtari7800Core.framework */ = {isa = PBXFileReference; explicitFileType = wrapper.framework; path = ArcadiaAtari7800Core.framework; sourceTree = BUILT_PRODUCTS_DIR; };
		95CC87F22C4D75AF009FB8DD /* CHANGELOG.md */ = {isa = PBXFileReference; lastKnownFileType = net.daringfireball.markdown; path = CHANGELOG.md; sourceTree = "<group>"; };
		95CE66C32C8A17B9005BAF8B /* The Last Super.sfc */ = {isa = PBXFileReference; lastKnownFileType = file; path = "The Last Super.sfc"; sourceTree = "<group>"; };
		95CE66C52C8A18A4005BAF8B /* Keeping SNES Alive.sfc */ = {isa = PBXFileReference; lastKnownFileType = file; path = "Keeping SNES Alive.sfc"; sourceTree = "<group>"; };
		95CE66C72C8A1E78005BAF8B /* DMG Deals Damage.gb */ = {isa = PBXFileReference; lastKnownFileType = file; path = "DMG Deals Damage.gb"; sourceTree = "<group>"; };
		95CE66C92C8A1FAC005BAF8B /* Break An Egg.md */ = {isa = PBXFileReference; fileEncoding = 4; lastKnownFileType = net.daringfireball.markdown; path = "Break An Egg.md"; sourceTree = "<group>"; };
		95D794FB2C949EB400C2BA8D /* ArcadiaNavigationState.swift */ = {isa = PBXFileReference; lastKnownFileType = sourcecode.swift; path = ArcadiaNavigationState.swift; sourceTree = "<group>"; };
		95D794FD2C94A93E00C2BA8D /* ArcadiaSaveFile.swift */ = {isa = PBXFileReference; lastKnownFileType = sourcecode.swift; path = ArcadiaSaveFile.swift; sourceTree = "<group>"; };
		95D794FF2C94C07500C2BA8D /* ArcadiaGameFile.swift */ = {isa = PBXFileReference; lastKnownFileType = sourcecode.swift; path = ArcadiaGameFile.swift; sourceTree = "<group>"; };
		95D795012C94D53D00C2BA8D /* ArcadiaExportedFile.swift */ = {isa = PBXFileReference; lastKnownFileType = sourcecode.swift; path = ArcadiaExportedFile.swift; sourceTree = "<group>"; };
		95D795032C98065900C2BA8D /* ImportGameFromSheetView.swift */ = {isa = PBXFileReference; lastKnownFileType = sourcecode.swift; path = ImportGameFromSheetView.swift; sourceTree = "<group>"; };
		95D795052C98A00E00C2BA8D /* AudioSettingsView.swift */ = {isa = PBXFileReference; lastKnownFileType = sourcecode.swift; path = AudioSettingsView.swift; sourceTree = "<group>"; };
		95E0056F2CB2E67F00C66D56 /* CustomizeUIView.swift */ = {isa = PBXFileReference; lastKnownFileType = sourcecode.swift; path = CustomizeUIView.swift; sourceTree = "<group>"; };
		95E005742CB2F35E00C66D56 /* Color+Extensions.swift */ = {isa = PBXFileReference; lastKnownFileType = sourcecode.swift; path = "Color+Extensions.swift"; sourceTree = "<group>"; };
		95E3C47E2C7E28C80060AC81 /* DiscoverGameListView.swift */ = {isa = PBXFileReference; lastKnownFileType = sourcecode.swift; path = DiscoverGameListView.swift; sourceTree = "<group>"; };
		95E3C4812C7F08D00060AC81 /* DiscoverGameRowView.swift */ = {isa = PBXFileReference; lastKnownFileType = sourcecode.swift; path = DiscoverGameRowView.swift; sourceTree = "<group>"; };
		95E3C4832C7F18FB0060AC81 /* DiscoverGameDetailView.swift */ = {isa = PBXFileReference; lastKnownFileType = sourcecode.swift; path = DiscoverGameDetailView.swift; sourceTree = "<group>"; };
		95E3C4892C80D1FC0060AC81 /* ArcadiaFeaturedDevelopers.plist */ = {isa = PBXFileReference; lastKnownFileType = text.plist.xml; path = ArcadiaFeaturedDevelopers.plist; sourceTree = "<group>"; };
		95E3C48B2C80D2CB0060AC81 /* ArcadiaFeaturedGames.plist */ = {isa = PBXFileReference; lastKnownFileType = text.plist.xml; path = ArcadiaFeaturedGames.plist; sourceTree = "<group>"; };
		95E3C48D2C8195920060AC81 /* ArcadiaGameDeveloper.swift */ = {isa = PBXFileReference; lastKnownFileType = sourcecode.swift; path = ArcadiaGameDeveloper.swift; sourceTree = "<group>"; };
		95E3C48F2C8195B30060AC81 /* ArcadiaFeaturedGame.swift */ = {isa = PBXFileReference; lastKnownFileType = sourcecode.swift; path = ArcadiaFeaturedGame.swift; sourceTree = "<group>"; };
		95E3C4912C8195CD0060AC81 /* ArcadiaFeaturedContent.swift */ = {isa = PBXFileReference; lastKnownFileType = sourcecode.swift; path = ArcadiaFeaturedContent.swift; sourceTree = "<group>"; };
		95E3C4932C81B86F0060AC81 /* DiscoverDeveloperDetailView.swift */ = {isa = PBXFileReference; lastKnownFileType = sourcecode.swift; path = DiscoverDeveloperDetailView.swift; sourceTree = "<group>"; };
		95E3C4952C81CCB50060AC81 /* ArcadiaDeveloperSocialLink.swift */ = {isa = PBXFileReference; lastKnownFileType = sourcecode.swift; path = ArcadiaDeveloperSocialLink.swift; sourceTree = "<group>"; };
		95E3C4982C81E9B60060AC81 /* Bubble Frog.gb */ = {isa = PBXFileReference; lastKnownFileType = file; path = "Bubble Frog.gb"; sourceTree = "<group>"; };
		95E3C49A2C88C4270060AC81 /* Minigun Miner.a26 */ = {isa = PBXFileReference; lastKnownFileType = file; path = "Minigun Miner.a26"; sourceTree = "<group>"; };
		95E3C49C2C88C4680060AC81 /* MeteoRain.gba */ = {isa = PBXFileReference; lastKnownFileType = file; path = MeteoRain.gba; sourceTree = "<group>"; };
		95E3C49E2C88C5070060AC81 /* Chumbles Bumbles.gb */ = {isa = PBXFileReference; lastKnownFileType = file; path = "Chumbles Bumbles.gb"; sourceTree = "<group>"; };
		95F0200A2C24B3F90087DAC2 /* AppIconView.swift */ = {isa = PBXFileReference; lastKnownFileType = sourcecode.swift; path = AppIconView.swift; sourceTree = "<group>"; };
		95F0200C2C24B4260087DAC2 /* ContributeView.swift */ = {isa = PBXFileReference; lastKnownFileType = sourcecode.swift; path = ContributeView.swift; sourceTree = "<group>"; };
		95F0200F2C25EA060087DAC2 /* Info.plist */ = {isa = PBXFileReference; lastKnownFileType = text.plist; path = Info.plist; sourceTree = "<group>"; };
		95F5BAD62C2D7BFF0034CAD7 /* ArcadiaSNESCore.framework */ = {isa = PBXFileReference; explicitFileType = wrapper.framework; path = ArcadiaSNESCore.framework; sourceTree = BUILT_PRODUCTS_DIR; };
		95F5BADC2C2DBC080034CAD7 /* FourButtonsView.swift */ = {isa = PBXFileReference; lastKnownFileType = sourcecode.swift; path = FourButtonsView.swift; sourceTree = "<group>"; };
		95FAC8682C7CDD720071DC12 /* WordEmbedding.mlmodel */ = {isa = PBXFileReference; lastKnownFileType = file.mlmodel; path = WordEmbedding.mlmodel; sourceTree = "<group>"; };
/* End PBXFileReference section */

/* Begin PBXFrameworksBuildPhase section */
		95456BAF2BE2ACA900113B8A /* Frameworks */ = {
			isa = PBXFrameworksBuildPhase;
			buildActionMask = 2147483647;
			files = (
				95CC87EC2C48EDCA009FB8DD /* ArcadiaAtari7800Core.framework in Frameworks */,
				95AB49782CAEC56500E3AC13 /* ArcadiaPokemonMiniCore.framework in Frameworks */,
				955CC3982BF9668300C930ED /* ArcadiaCore.framework in Frameworks */,
				9510FE0A2C57715500F01C88 /* ArcadiaGenesisCore.framework in Frameworks */,
				951098982C540EBF00F01C88 /* ArcadiaNeoGeoPocketCore.framework in Frameworks */,
				95CC7B482C3BDA3F009FB8DD /* ArcadiaGBACore.framework in Frameworks */,
				95CC7A4F2C3BC597009FB8DD /* ArcadiaNESCore.framework in Frameworks */,
				95CC84BE2C4712CA009FB8DD /* ArcadiaAtari2600Core.framework in Frameworks */,
				95CC82312C3BE088009FB8DD /* ArcadiaSNESCore.framework in Frameworks */,
				9510F1E02C54F98300F01C88 /* ArcadiaMasterSystemCore.framework in Frameworks */,
				95CC74AB2C3BC199009FB8DD /* ArcadiaGBCCore.framework in Frameworks */,
			);
			runOnlyForDeploymentPostprocessing = 0;
		};
		95456BC22BE2ACAC00113B8A /* Frameworks */ = {
			isa = PBXFrameworksBuildPhase;
			buildActionMask = 2147483647;
			files = (
			);
			runOnlyForDeploymentPostprocessing = 0;
		};
		95456BCC2BE2ACAC00113B8A /* Frameworks */ = {
			isa = PBXFrameworksBuildPhase;
			buildActionMask = 2147483647;
			files = (
			);
			runOnlyForDeploymentPostprocessing = 0;
		};
/* End PBXFrameworksBuildPhase section */

/* Begin PBXGroup section */
		9510881E2C4F9E9300F01C88 /* Screenshot */ = {
			isa = PBXGroup;
			children = (
				9510881F2C4F9EAE00F01C88 /* AttribitedScreenshotView.swift */,
			);
			path = Screenshot;
			sourceTree = "<group>";
		};
		952C02222C088EA400DF2832 /* Experimental */ = {
			isa = PBXGroup;
			children = (
				95707CB22BFF148B00217B82 /* GCVirtualControllerView.swift */,
			);
			path = Experimental;
			sourceTree = "<group>";
		};
		952C02232C088EB700DF2832 /* Library */ = {
			isa = PBXGroup;
			children = (
				956F840A2BEBED810025FC5F /* GameRowView.swift */,
				956F84012BEA75280025FC5F /* GameCollectionView.swift */,
				95C487552CA9D1FF00010491 /* CoreInfoView.swift */,
				95707CB92C00E67100217B82 /* GameSystemRowView.swift */,
				956F83FA2BEA67370025FC5F /* GameLibraryView.swift */,
				95CC86D32C47E76E009FB8DD /* EmptyCollectionView.swift */,
				95D795032C98065900C2BA8D /* ImportGameFromSheetView.swift */,
			);
			path = Library;
			sourceTree = "<group>";
		};
		952C02242C088ECD00DF2832 /* Game */ = {
			isa = PBXGroup;
			children = (
				95707CC22C020F7200217B82 /* OverlayView.swift */,
				95456BB72BE2ACA900113B8A /* RunGameView.swift */,
				956F84282BF486E80025FC5F /* CurrentBufferMetalViewBinding.swift */,
				956F83FC2BEA67590025FC5F /* CurrentFrameView.swift */,
				959F3BAA2C1188E7009EF53B /* CurrentBufferMetalView.swift */,
			);
			path = Game;
			sourceTree = "<group>";
		};
		952C02252C088EF200DF2832 /* Classes */ = {
			isa = PBXGroup;
			children = (
				9528F7862BF4E52400E2CEC6 /* InputController.swift */,
				955CC3722BF7C29E00C930ED /* CurrentBufferAudioPlayer.swift */,
				9528F77F2BF4B97800E2CEC6 /* CurrentBufferMetalRenderer.swift */,
				956F84072BEA8B9B0025FC5F /* ArcadiaFileManager.swift */,
				95D794FB2C949EB400C2BA8D /* ArcadiaNavigationState.swift */,
			);
			path = Classes;
			sourceTree = "<group>";
		};
		953DE99C2DCBDB2600A0C105 /* Protocols */ = {
			isa = PBXGroup;
			children = (
			);
			path = Protocols;
			sourceTree = "<group>";
		};
		953DE99F2DCE01DF00A0C105 /* Cloud Sync */ = {
			isa = PBXGroup;
			children = (
				953DE9A52DCE029900A0C105 /* ArcadiaCloudSyncStatus.swift */,
				953DE9A32DCE027400A0C105 /* ArcadiaCloudSyncManager.swift */,
				953DE9A02DCE023100A0C105 /* Drivers */,
				953DE99D2DCBDB2F00A0C105 /* ArcadiaSyncDriverProtocol.swift */,
			);
			path = "Cloud Sync";
			sourceTree = "<group>";
		};
		953DE9A02DCE023100A0C105 /* Drivers */ = {
			isa = PBXGroup;
			children = (
				953DE9A12DCE023F00A0C105 /* ArcadiaiCloudSyncDriver.swift */,
			);
			path = Drivers;
			sourceTree = "<group>";
		};
		95456BA92BE2ACA900113B8A = {
			isa = PBXGroup;
			children = (
				95E3C4972C81E9A30060AC81 /* FeaturedGames */,
				95E3C4892C80D1FC0060AC81 /* ArcadiaFeaturedDevelopers.plist */,
				95E3C48B2C80D2CB0060AC81 /* ArcadiaFeaturedGames.plist */,
				9510FE172C5FC26D00F01C88 /* Localizable.xcstrings */,
				95CC87F22C4D75AF009FB8DD /* CHANGELOG.md */,
				95707CB72C006F4100217B82 /* Assets.xcassets */,
				956F84092BEBE9740025FC5F /* README.md */,
				95456BB42BE2ACA900113B8A /* Arcadia */,
				95456BC82BE2ACAC00113B8A /* ArcadiaAppTests */,
				95456BD22BE2ACAC00113B8A /* ArcadiaAppUITests */,
				95456BB32BE2ACA900113B8A /* Products */,
				95456C372BE2B4C800113B8A /* Frameworks */,
			);
			sourceTree = "<group>";
		};
		95456BB32BE2ACA900113B8A /* Products */ = {
			isa = PBXGroup;
			children = (
				95456BB22BE2ACA900113B8A /* Arcadia.app */,
				95456BC52BE2ACAC00113B8A /* ArcadiaTests.xctest */,
				95456BCF2BE2ACAC00113B8A /* ArcadiaUITests.xctest */,
			);
			name = Products;
			sourceTree = "<group>";
		};
		95456BB42BE2ACA900113B8A /* Arcadia */ = {
			isa = PBXGroup;
			children = (
				953DE99F2DCE01DF00A0C105 /* Cloud Sync */,
				953DE99C2DCBDB2600A0C105 /* Protocols */,
				95E005712CB2F2E800C66D56 /* Extensions */,
				95FAC8672C7CDD4B0071DC12 /* MLModels */,
				95F0200F2C25EA060087DAC2 /* Info.plist */,
				952C3A7C2C0BDC5B00DF2832 /* openvgdb.sqlite */,
				952C02252C088EF200DF2832 /* Classes */,
				955CC3922BF8EE8F00C930ED /* Enums */,
				955CC3762BF7E3FF00C930ED /* Views */,
				956F83FE2BEA70800025FC5F /* Models */,
				95456BB52BE2ACA900113B8A /* ArcadiaApp.swift */,
				956F84262BF4846C0025FC5F /* Shaders.metal */,
				95456BBD2BE2ACAB00113B8A /* Arcadia.entitlements */,
				95456BBE2BE2ACAC00113B8A /* Preview Content */,
			);
			path = Arcadia;
			sourceTree = "<group>";
		};
		95456BBE2BE2ACAC00113B8A /* Preview Content */ = {
			isa = PBXGroup;
			children = (
				95456BBF2BE2ACAC00113B8A /* Preview Assets.xcassets */,
			);
			path = "Preview Content";
			sourceTree = "<group>";
		};
		95456BC82BE2ACAC00113B8A /* ArcadiaAppTests */ = {
			isa = PBXGroup;
			children = (
				95456BC92BE2ACAC00113B8A /* ArcadiaAppTests.swift */,
			);
			path = ArcadiaAppTests;
			sourceTree = "<group>";
		};
		95456BD22BE2ACAC00113B8A /* ArcadiaAppUITests */ = {
			isa = PBXGroup;
			children = (
				95456BD32BE2ACAC00113B8A /* ArcadiaAppUITests.swift */,
				95456BD52BE2ACAC00113B8A /* ArcadiaAppUITestsLaunchTests.swift */,
			);
			path = ArcadiaAppUITests;
			sourceTree = "<group>";
		};
		95456C372BE2B4C800113B8A /* Frameworks */ = {
			isa = PBXGroup;
			children = (
				95AB49772CAEC56500E3AC13 /* ArcadiaPokemonMiniCore.framework */,
				9510FE092C57715500F01C88 /* ArcadiaGenesisCore.framework */,
				9510F1DF2C54F98300F01C88 /* ArcadiaMasterSystemCore.framework */,
				951098972C540EBF00F01C88 /* ArcadiaNeoGeoPocketCore.framework */,
				95CC87EB2C48EDCA009FB8DD /* ArcadiaAtari7800Core.framework */,
				95CC84BD2C4712CA009FB8DD /* ArcadiaAtari2600Core.framework */,
				95CC74AA2C3BC199009FB8DD /* ArcadiaGBCCore.framework */,
				95CC720B2C3AEF5B009FB8DD /* LibretroNestopia.framework */,
				95CC72082C3AEF54009FB8DD /* Libretrosnes9x.framework */,
				95CC72052C3AEF4F009FB8DD /* LibretroGearboy.framework */,
				95CC71F42C3AED9E009FB8DD /* LibretroVBANext.framework */,
				95F5BAD62C2D7BFF0034CAD7 /* ArcadiaSNESCore.framework */,
				952C5E9B2C108F8C00DF2832 /* ArcadiaGBACore.framework */,
				952CF6812C0724C200DF2832 /* ArcadiaNESCore.framework */,
				955CC3972BF9668300C930ED /* ArcadiaCore.framework */,
				956F842D2BF48F190025FC5F /* ArcadiaGBCCore.framework */,
			);
			name = Frameworks;
			sourceTree = "<group>";
		};
		955CC3762BF7E3FF00C930ED /* Views */ = {
			isa = PBXGroup;
			children = (
				95E3C4802C7F07EF0060AC81 /* Discover */,
				9510881E2C4F9E9300F01C88 /* Screenshot */,
				952C02242C088ECD00DF2832 /* Game */,
				952C02232C088EB700DF2832 /* Library */,
				952C02222C088EA400DF2832 /* Experimental */,
				95707CBD2C01D76000217B82 /* Settings */,
				95707CB42BFF4C2F00217B82 /* ButtonsLayout */,
				955CC37A2BF7E47100C930ED /* Shapes */,
				955CC3772BF7E40B00C930ED /* Buttons */,
				951097842C518C8E00F01C88 /* RecommendationView.swift */,
			);
			path = Views;
			sourceTree = "<group>";
		};
		955CC3772BF7E40B00C930ED /* Buttons */ = {
			isa = PBXGroup;
			children = (
				955CC3742BF7C74E00C930ED /* DPadView.swift */,
				955CC3782BF7E43400C930ED /* DPadButtonView.swift */,
				955CC3812BF7E54E00C930ED /* CircleButtonView.swift */,
				955CC3832BF7E63F00C930ED /* CapsuleButtonView.swift */,
				955CC39F2BFB265C00C930ED /* TwoButtonsView.swift */,
				95707CBB2C00ED7500217B82 /* ArrowButtonView.swift */,
				95F5BADC2C2DBC080034CAD7 /* FourButtonsView.swift */,
				95CC86CD2C47B54E009FB8DD /* BButtonView.swift */,
				9510FE132C594C7000F01C88 /* ThreeButtonsView.swift */,
				9510FE1D2C61FC1100F01C88 /* ActionButtonsView.swift */,
				9510FE262C62480300F01C88 /* EmptyButtonView.swift */,
			);
			path = Buttons;
			sourceTree = "<group>";
		};
		955CC37A2BF7E47100C930ED /* Shapes */ = {
			isa = PBXGroup;
			children = (
				955CC37B2BF7E47D00C930ED /* Trapezoid.swift */,
				955CC39A2BFA0D9B00C930ED /* Triangle.swift */,
			);
			path = Shapes;
			sourceTree = "<group>";
		};
		955CC3922BF8EE8F00C930ED /* Enums */ = {
			isa = PBXGroup;
			children = (
				955CC3932BF8EEA100C930ED /* ArcadiaGameType.swift */,
			);
			path = Enums;
			sourceTree = "<group>";
		};
		956F83FE2BEA70800025FC5F /* Models */ = {
			isa = PBXGroup;
			children = (
				95456BB92BE2ACA900113B8A /* Item.swift */,
				956F83FF2BEA70970025FC5F /* ArcadiaGame.swift */,
				95E3C48D2C8195920060AC81 /* ArcadiaGameDeveloper.swift */,
				95E3C48F2C8195B30060AC81 /* ArcadiaFeaturedGame.swift */,
				95E3C4912C8195CD0060AC81 /* ArcadiaFeaturedContent.swift */,
				95E3C4952C81CCB50060AC81 /* ArcadiaDeveloperSocialLink.swift */,
				95D794FD2C94A93E00C2BA8D /* ArcadiaSaveFile.swift */,
				95D794FF2C94C07500C2BA8D /* ArcadiaGameFile.swift */,
				95D795012C94D53D00C2BA8D /* ArcadiaExportedFile.swift */,
			);
			path = Models;
			sourceTree = "<group>";
		};
		95707CB42BFF4C2F00217B82 /* ButtonsLayout */ = {
			isa = PBXGroup;
			children = (
				9510FE192C5FDB1700F01C88 /* ArcadiaButtonOnlyLayout.swift */,
				9510FE1F2C61FE5300F01C88 /* ArcadiaButtonLayout.swift */,
				9510FE232C6208AD00F01C88 /* ArcadiaButtonLayoutRight.swift */,
				9510FE212C62089D00F01C88 /* ArcadiaButtonLayoutLeft.swift */,
			);
			path = ButtonsLayout;
			sourceTree = "<group>";
		};
		95707CBD2C01D76000217B82 /* Settings */ = {
			isa = PBXGroup;
			children = (
				956F840C2BEBF59F0025FC5F /* SettingsView.swift */,
				95707CC02C01E38100217B82 /* CreditsView.swift */,
				95707CBE2C01D77400217B82 /* HelpView.swift */,
				959F81EC2C1A2BB1009EF53B /* InputSettingsView.swift */,
				959F81F82C1C684E009EF53B /* PlayerSelectionView.swift */,
				95F0200A2C24B3F90087DAC2 /* AppIconView.swift */,
				95F0200C2C24B4260087DAC2 /* ContributeView.swift */,
				95CC82332C3D4136009FB8DD /* StorageSettingsView.swift */,
				95D795052C98A00E00C2BA8D /* AudioSettingsView.swift */,
				95E0056F2CB2E67F00C66D56 /* CustomizeUIView.swift */,
			);
			path = Settings;
			sourceTree = "<group>";
		};
		95E005712CB2F2E800C66D56 /* Extensions */ = {
			isa = PBXGroup;
			children = (
				95E005742CB2F35E00C66D56 /* Color+Extensions.swift */,
			);
			path = Extensions;
			sourceTree = "<group>";
		};
		95E3C4802C7F07EF0060AC81 /* Discover */ = {
			isa = PBXGroup;
			children = (
				95E3C47E2C7E28C80060AC81 /* DiscoverGameListView.swift */,
				95E3C4812C7F08D00060AC81 /* DiscoverGameRowView.swift */,
				95E3C4832C7F18FB0060AC81 /* DiscoverGameDetailView.swift */,
				95E3C4932C81B86F0060AC81 /* DiscoverDeveloperDetailView.swift */,
			);
			path = Discover;
			sourceTree = "<group>";
		};
		95E3C4972C81E9A30060AC81 /* FeaturedGames */ = {
			isa = PBXGroup;
			children = (
				95CE66C52C8A18A4005BAF8B /* Keeping SNES Alive.sfc */,
				95CE66C72C8A1E78005BAF8B /* DMG Deals Damage.gb */,
				95E3C4982C81E9B60060AC81 /* Bubble Frog.gb */,
				95E3C49E2C88C5070060AC81 /* Chumbles Bumbles.gb */,
				95E3C49C2C88C4680060AC81 /* MeteoRain.gba */,
				95CE66C92C8A1FAC005BAF8B /* Break An Egg.md */,
				95CE66C32C8A17B9005BAF8B /* The Last Super.sfc */,
				95E3C49A2C88C4270060AC81 /* Minigun Miner.a26 */,
			);
			path = FeaturedGames;
			sourceTree = "<group>";
		};
		95FAC8672C7CDD4B0071DC12 /* MLModels */ = {
			isa = PBXGroup;
			children = (
				95FAC8682C7CDD720071DC12 /* WordEmbedding.mlmodel */,
			);
			path = MLModels;
			sourceTree = "<group>";
		};
/* End PBXGroup section */

/* Begin PBXNativeTarget section */
		95456BB12BE2ACA900113B8A /* Arcadia */ = {
			isa = PBXNativeTarget;
			buildConfigurationList = 95456BD92BE2ACAC00113B8A /* Build configuration list for PBXNativeTarget "Arcadia" */;
			buildPhases = (
				95456BAE2BE2ACA900113B8A /* Sources */,
				95456BAF2BE2ACA900113B8A /* Frameworks */,
				95456BB02BE2ACA900113B8A /* Resources */,
				95456C3B2BE2B4C800113B8A /* Embed Frameworks */,
			);
			buildRules = (
			);
			dependencies = (
			);
			name = Arcadia;
			productName = iRetroApp;
			productReference = 95456BB22BE2ACA900113B8A /* Arcadia.app */;
			productType = "com.apple.product-type.application";
		};
		95456BC42BE2ACAC00113B8A /* ArcadiaTests */ = {
			isa = PBXNativeTarget;
			buildConfigurationList = 95456BDC2BE2ACAC00113B8A /* Build configuration list for PBXNativeTarget "ArcadiaTests" */;
			buildPhases = (
				95456BC12BE2ACAC00113B8A /* Sources */,
				95456BC22BE2ACAC00113B8A /* Frameworks */,
				95456BC32BE2ACAC00113B8A /* Resources */,
			);
			buildRules = (
			);
			dependencies = (
				95456BC72BE2ACAC00113B8A /* PBXTargetDependency */,
			);
			name = ArcadiaTests;
			productName = iRetroAppTests;
			productReference = 95456BC52BE2ACAC00113B8A /* ArcadiaTests.xctest */;
			productType = "com.apple.product-type.bundle.unit-test";
		};
		95456BCE2BE2ACAC00113B8A /* ArcadiaUITests */ = {
			isa = PBXNativeTarget;
			buildConfigurationList = 95456BDF2BE2ACAC00113B8A /* Build configuration list for PBXNativeTarget "ArcadiaUITests" */;
			buildPhases = (
				95456BCB2BE2ACAC00113B8A /* Sources */,
				95456BCC2BE2ACAC00113B8A /* Frameworks */,
				95456BCD2BE2ACAC00113B8A /* Resources */,
			);
			buildRules = (
			);
			dependencies = (
				95456BD12BE2ACAC00113B8A /* PBXTargetDependency */,
			);
			name = ArcadiaUITests;
			productName = iRetroAppUITests;
			productReference = 95456BCF2BE2ACAC00113B8A /* ArcadiaUITests.xctest */;
			productType = "com.apple.product-type.bundle.ui-testing";
		};
/* End PBXNativeTarget section */

/* Begin PBXProject section */
		95456BAA2BE2ACA900113B8A /* Project object */ = {
			isa = PBXProject;
			attributes = {
				BuildIndependentTargetsInParallel = 1;
				LastSwiftUpdateCheck = 1530;
				LastUpgradeCheck = 1530;
				TargetAttributes = {
					95456BB12BE2ACA900113B8A = {
						CreatedOnToolsVersion = 15.3;
					};
					95456BC42BE2ACAC00113B8A = {
						CreatedOnToolsVersion = 15.3;
						TestTargetID = 95456BB12BE2ACA900113B8A;
					};
					95456BCE2BE2ACAC00113B8A = {
						CreatedOnToolsVersion = 15.3;
						TestTargetID = 95456BB12BE2ACA900113B8A;
					};
				};
			};
			buildConfigurationList = 95456BAD2BE2ACA900113B8A /* Build configuration list for PBXProject "Arcadia" */;
			compatibilityVersion = "Xcode 14.0";
			developmentRegion = en;
			hasScannedForEncodings = 0;
			knownRegions = (
				en,
				Base,
				it,
			);
			mainGroup = 95456BA92BE2ACA900113B8A;
			productRefGroup = 95456BB32BE2ACA900113B8A /* Products */;
			projectDirPath = "";
			projectRoot = "";
			targets = (
				95456BB12BE2ACA900113B8A /* Arcadia */,
				95456BC42BE2ACAC00113B8A /* ArcadiaTests */,
				95456BCE2BE2ACAC00113B8A /* ArcadiaUITests */,
			);
		};
/* End PBXProject section */

/* Begin PBXResourcesBuildPhase section */
		95456BB02BE2ACA900113B8A /* Resources */ = {
			isa = PBXResourcesBuildPhase;
			buildActionMask = 2147483647;
			files = (
				952C3A7D2C0BDC5C00DF2832 /* openvgdb.sqlite in Resources */,
				95E3C4992C81E9B60060AC81 /* Bubble Frog.gb in Resources */,
				95E3C49B2C88C4280060AC81 /* Minigun Miner.a26 in Resources */,
				95456BC02BE2ACAC00113B8A /* Preview Assets.xcassets in Resources */,
				95CE66C42C8A17B9005BAF8B /* The Last Super.sfc in Resources */,
				95E3C49D2C88C4680060AC81 /* MeteoRain.gba in Resources */,
				95E3C49F2C88C5080060AC81 /* Chumbles Bumbles.gb in Resources */,
				95E3C48C2C80D2CB0060AC81 /* ArcadiaFeaturedGames.plist in Resources */,
				9510FE182C5FC26D00F01C88 /* Localizable.xcstrings in Resources */,
				95CE66C82C8A1E78005BAF8B /* DMG Deals Damage.gb in Resources */,
				95E3C48A2C80D1FC0060AC81 /* ArcadiaFeaturedDevelopers.plist in Resources */,
				95CE66CA2C8A1FAC005BAF8B /* Break An Egg.md in Resources */,
				95707CB82C006F4100217B82 /* Assets.xcassets in Resources */,
				95CE66C62C8A18A4005BAF8B /* Keeping SNES Alive.sfc in Resources */,
			);
			runOnlyForDeploymentPostprocessing = 0;
		};
		95456BC32BE2ACAC00113B8A /* Resources */ = {
			isa = PBXResourcesBuildPhase;
			buildActionMask = 2147483647;
			files = (
			);
			runOnlyForDeploymentPostprocessing = 0;
		};
		95456BCD2BE2ACAC00113B8A /* Resources */ = {
			isa = PBXResourcesBuildPhase;
			buildActionMask = 2147483647;
			files = (
			);
			runOnlyForDeploymentPostprocessing = 0;
		};
/* End PBXResourcesBuildPhase section */

/* Begin PBXSourcesBuildPhase section */
		95456BAE2BE2ACA900113B8A /* Sources */ = {
			isa = PBXSourcesBuildPhase;
			buildActionMask = 2147483647;
			files = (
				95CC86CE2C47B54E009FB8DD /* BButtonView.swift in Sources */,
				959F81F92C1C684F009EF53B /* PlayerSelectionView.swift in Sources */,
				9510FE1E2C61FC1100F01C88 /* ActionButtonsView.swift in Sources */,
				95F0200D2C24B4260087DAC2 /* ContributeView.swift in Sources */,
				956F84022BEA75280025FC5F /* GameCollectionView.swift in Sources */,
				955CC37C2BF7E47D00C930ED /* Trapezoid.swift in Sources */,
				9510FE1A2C5FDB1700F01C88 /* ArcadiaButtonOnlyLayout.swift in Sources */,
				95CC82342C3D4136009FB8DD /* StorageSettingsView.swift in Sources */,
				959F3BAB2C1188E8009EF53B /* CurrentBufferMetalView.swift in Sources */,
				95456BB82BE2ACA900113B8A /* RunGameView.swift in Sources */,
				956F84292BF486E80025FC5F /* CurrentBufferMetalViewBinding.swift in Sources */,
				951088202C4F9EAE00F01C88 /* AttribitedScreenshotView.swift in Sources */,
				95E3C4962C81CCB50060AC81 /* ArcadiaDeveloperSocialLink.swift in Sources */,
				95707CC12C01E38100217B82 /* CreditsView.swift in Sources */,
				95707CBA2C00E67100217B82 /* GameSystemRowView.swift in Sources */,
				95FAC8692C7CDD720071DC12 /* WordEmbedding.mlmodel in Sources */,
				95CC86D42C47E76E009FB8DD /* EmptyCollectionView.swift in Sources */,
				95E3C4902C8195B30060AC81 /* ArcadiaFeaturedGame.swift in Sources */,
				95D794FE2C94A93E00C2BA8D /* ArcadiaSaveFile.swift in Sources */,
				9510FE202C61FE5300F01C88 /* ArcadiaButtonLayout.swift in Sources */,
				95E005752CB2F35E00C66D56 /* Color+Extensions.swift in Sources */,
				95D794FC2C949EB400C2BA8D /* ArcadiaNavigationState.swift in Sources */,
				953DE9A62DCE029F00A0C105 /* ArcadiaCloudSyncStatus.swift in Sources */,
				951097852C518C8E00F01C88 /* RecommendationView.swift in Sources */,
				9510FE272C62480300F01C88 /* EmptyButtonView.swift in Sources */,
				956F84082BEA8B9B0025FC5F /* ArcadiaFileManager.swift in Sources */,
				9528F7802BF4B97800E2CEC6 /* CurrentBufferMetalRenderer.swift in Sources */,
				9510FE242C6208AD00F01C88 /* ArcadiaButtonLayoutRight.swift in Sources */,
				955CC3732BF7C29E00C930ED /* CurrentBufferAudioPlayer.swift in Sources */,
				95707CC32C020F7200217B82 /* OverlayView.swift in Sources */,
				95E3C4822C7F08D00060AC81 /* DiscoverGameRowView.swift in Sources */,
				955CC39B2BFA0D9B00C930ED /* Triangle.swift in Sources */,
				955CC3752BF7C74E00C930ED /* DPadView.swift in Sources */,
				95456BBA2BE2ACA900113B8A /* Item.swift in Sources */,
				955CC3A02BFB265D00C930ED /* TwoButtonsView.swift in Sources */,
				9510FE222C62089D00F01C88 /* ArcadiaButtonLayoutLeft.swift in Sources */,
				95F0200B2C24B3F90087DAC2 /* AppIconView.swift in Sources */,
				956F840B2BEBED810025FC5F /* GameRowView.swift in Sources */,
				95E3C48E2C8195920060AC81 /* ArcadiaGameDeveloper.swift in Sources */,
				95E3C4942C81B86F0060AC81 /* DiscoverDeveloperDetailView.swift in Sources */,
				95F5BADD2C2DBC080034CAD7 /* FourButtonsView.swift in Sources */,
				95707CBC2C00ED7500217B82 /* ArrowButtonView.swift in Sources */,
				956F840D2BEBF59F0025FC5F /* SettingsView.swift in Sources */,
				95D795002C94C07500C2BA8D /* ArcadiaGameFile.swift in Sources */,
				956F84002BEA70970025FC5F /* ArcadiaGame.swift in Sources */,
				95707CBF2C01D77400217B82 /* HelpView.swift in Sources */,
				95E005702CB2E67F00C66D56 /* CustomizeUIView.swift in Sources */,
				955CC3942BF8EEA100C930ED /* ArcadiaGameType.swift in Sources */,
				9510FE142C594C7000F01C88 /* ThreeButtonsView.swift in Sources */,
				95E3C4922C8195CD0060AC81 /* ArcadiaFeaturedContent.swift in Sources */,
				955CC3842BF7E63F00C930ED /* CapsuleButtonView.swift in Sources */,
				95D795062C98A00E00C2BA8D /* AudioSettingsView.swift in Sources */,
				956F83FB2BEA67380025FC5F /* GameLibraryView.swift in Sources */,
				953DE9A42DCE027A00A0C105 /* ArcadiaCloudSyncManager.swift in Sources */,
				956F84272BF4846C0025FC5F /* Shaders.metal in Sources */,
				95707CB32BFF148B00217B82 /* GCVirtualControllerView.swift in Sources */,
				953DE99E2DCBDB4200A0C105 /* ArcadiaSyncDriverProtocol.swift in Sources */,
				953DE9A22DCE024600A0C105 /* ArcadiaiCloudSyncDriver.swift in Sources */,
				95E3C4842C7F18FB0060AC81 /* DiscoverGameDetailView.swift in Sources */,
				955CC3792BF7E43400C930ED /* DPadButtonView.swift in Sources */,
				9528F7872BF4E52400E2CEC6 /* InputController.swift in Sources */,
				95456BB62BE2ACA900113B8A /* ArcadiaApp.swift in Sources */,
				95C487562CA9D1FF00010491 /* CoreInfoView.swift in Sources */,
				956F83FD2BEA67590025FC5F /* CurrentFrameView.swift in Sources */,
				95D795042C98065900C2BA8D /* ImportGameFromSheetView.swift in Sources */,
				95D795022C94D53D00C2BA8D /* ArcadiaExportedFile.swift in Sources */,
				959F81ED2C1A2BB1009EF53B /* InputSettingsView.swift in Sources */,
				955CC3822BF7E54E00C930ED /* CircleButtonView.swift in Sources */,
				95E3C47F2C7E28C80060AC81 /* DiscoverGameListView.swift in Sources */,
			);
			runOnlyForDeploymentPostprocessing = 0;
		};
		95456BC12BE2ACAC00113B8A /* Sources */ = {
			isa = PBXSourcesBuildPhase;
			buildActionMask = 2147483647;
			files = (
				95456BCA2BE2ACAC00113B8A /* ArcadiaAppTests.swift in Sources */,
			);
			runOnlyForDeploymentPostprocessing = 0;
		};
		95456BCB2BE2ACAC00113B8A /* Sources */ = {
			isa = PBXSourcesBuildPhase;
			buildActionMask = 2147483647;
			files = (
				95456BD42BE2ACAC00113B8A /* ArcadiaAppUITests.swift in Sources */,
				95456BD62BE2ACAC00113B8A /* ArcadiaAppUITestsLaunchTests.swift in Sources */,
			);
			runOnlyForDeploymentPostprocessing = 0;
		};
/* End PBXSourcesBuildPhase section */

/* Begin PBXTargetDependency section */
		95456BC72BE2ACAC00113B8A /* PBXTargetDependency */ = {
			isa = PBXTargetDependency;
			target = 95456BB12BE2ACA900113B8A /* Arcadia */;
			targetProxy = 95456BC62BE2ACAC00113B8A /* PBXContainerItemProxy */;
		};
		95456BD12BE2ACAC00113B8A /* PBXTargetDependency */ = {
			isa = PBXTargetDependency;
			target = 95456BB12BE2ACA900113B8A /* Arcadia */;
			targetProxy = 95456BD02BE2ACAC00113B8A /* PBXContainerItemProxy */;
		};
/* End PBXTargetDependency section */

/* Begin XCBuildConfiguration section */
		95456BD72BE2ACAC00113B8A /* Debug */ = {
			isa = XCBuildConfiguration;
			buildSettings = {
				ALWAYS_SEARCH_USER_PATHS = NO;
				ASSETCATALOG_COMPILER_GENERATE_SWIFT_ASSET_SYMBOL_EXTENSIONS = YES;
				CLANG_ANALYZER_NONNULL = YES;
				CLANG_ANALYZER_NUMBER_OBJECT_CONVERSION = YES_AGGRESSIVE;
				CLANG_CXX_LANGUAGE_STANDARD = "gnu++20";
				CLANG_ENABLE_MODULES = YES;
				CLANG_ENABLE_OBJC_ARC = YES;
				CLANG_ENABLE_OBJC_WEAK = YES;
				CLANG_WARN_BLOCK_CAPTURE_AUTORELEASING = YES;
				CLANG_WARN_BOOL_CONVERSION = YES;
				CLANG_WARN_COMMA = YES;
				CLANG_WARN_CONSTANT_CONVERSION = YES;
				CLANG_WARN_DEPRECATED_OBJC_IMPLEMENTATIONS = YES;
				CLANG_WARN_DIRECT_OBJC_ISA_USAGE = YES_ERROR;
				CLANG_WARN_DOCUMENTATION_COMMENTS = YES;
				CLANG_WARN_EMPTY_BODY = YES;
				CLANG_WARN_ENUM_CONVERSION = YES;
				CLANG_WARN_INFINITE_RECURSION = YES;
				CLANG_WARN_INT_CONVERSION = YES;
				CLANG_WARN_NON_LITERAL_NULL_CONVERSION = YES;
				CLANG_WARN_OBJC_IMPLICIT_RETAIN_SELF = YES;
				CLANG_WARN_OBJC_LITERAL_CONVERSION = YES;
				CLANG_WARN_OBJC_ROOT_CLASS = YES_ERROR;
				CLANG_WARN_QUOTED_INCLUDE_IN_FRAMEWORK_HEADER = YES;
				CLANG_WARN_RANGE_LOOP_ANALYSIS = YES;
				CLANG_WARN_STRICT_PROTOTYPES = YES;
				CLANG_WARN_SUSPICIOUS_MOVE = YES;
				CLANG_WARN_UNGUARDED_AVAILABILITY = YES_AGGRESSIVE;
				CLANG_WARN_UNREACHABLE_CODE = YES;
				CLANG_WARN__DUPLICATE_METHOD_MATCH = YES;
				COPY_PHASE_STRIP = NO;
				DEBUG_INFORMATION_FORMAT = dwarf;
				ENABLE_STRICT_OBJC_MSGSEND = YES;
				ENABLE_TESTABILITY = YES;
				ENABLE_USER_SCRIPT_SANDBOXING = YES;
				GCC_C_LANGUAGE_STANDARD = gnu17;
				GCC_DYNAMIC_NO_PIC = NO;
				GCC_NO_COMMON_BLOCKS = YES;
				GCC_OPTIMIZATION_LEVEL = 0;
				GCC_PREPROCESSOR_DEFINITIONS = (
					"DEBUG=1",
					"$(inherited)",
				);
				GCC_WARN_64_TO_32_BIT_CONVERSION = YES;
				GCC_WARN_ABOUT_RETURN_TYPE = YES_ERROR;
				GCC_WARN_UNDECLARED_SELECTOR = YES;
				GCC_WARN_UNINITIALIZED_AUTOS = YES_AGGRESSIVE;
				GCC_WARN_UNUSED_FUNCTION = YES;
				GCC_WARN_UNUSED_VARIABLE = YES;
				IPHONEOS_DEPLOYMENT_TARGET = 17.0;
				LOCALIZATION_PREFERS_STRING_CATALOGS = YES;
				MACOSX_DEPLOYMENT_TARGET = 14.0;
				MTL_ENABLE_DEBUG_INFO = INCLUDE_SOURCE;
				MTL_FAST_MATH = YES;
				ONLY_ACTIVE_ARCH = YES;
				SWIFT_ACTIVE_COMPILATION_CONDITIONS = "DEBUG $(inherited)";
				SWIFT_OPTIMIZATION_LEVEL = "-Onone";
			};
			name = Debug;
		};
		95456BD82BE2ACAC00113B8A /* Release */ = {
			isa = XCBuildConfiguration;
			buildSettings = {
				ALWAYS_SEARCH_USER_PATHS = NO;
				ASSETCATALOG_COMPILER_GENERATE_SWIFT_ASSET_SYMBOL_EXTENSIONS = YES;
				CLANG_ANALYZER_NONNULL = YES;
				CLANG_ANALYZER_NUMBER_OBJECT_CONVERSION = YES_AGGRESSIVE;
				CLANG_CXX_LANGUAGE_STANDARD = "gnu++20";
				CLANG_ENABLE_MODULES = YES;
				CLANG_ENABLE_OBJC_ARC = YES;
				CLANG_ENABLE_OBJC_WEAK = YES;
				CLANG_WARN_BLOCK_CAPTURE_AUTORELEASING = YES;
				CLANG_WARN_BOOL_CONVERSION = YES;
				CLANG_WARN_COMMA = YES;
				CLANG_WARN_CONSTANT_CONVERSION = YES;
				CLANG_WARN_DEPRECATED_OBJC_IMPLEMENTATIONS = YES;
				CLANG_WARN_DIRECT_OBJC_ISA_USAGE = YES_ERROR;
				CLANG_WARN_DOCUMENTATION_COMMENTS = YES;
				CLANG_WARN_EMPTY_BODY = YES;
				CLANG_WARN_ENUM_CONVERSION = YES;
				CLANG_WARN_INFINITE_RECURSION = YES;
				CLANG_WARN_INT_CONVERSION = YES;
				CLANG_WARN_NON_LITERAL_NULL_CONVERSION = YES;
				CLANG_WARN_OBJC_IMPLICIT_RETAIN_SELF = YES;
				CLANG_WARN_OBJC_LITERAL_CONVERSION = YES;
				CLANG_WARN_OBJC_ROOT_CLASS = YES_ERROR;
				CLANG_WARN_QUOTED_INCLUDE_IN_FRAMEWORK_HEADER = YES;
				CLANG_WARN_RANGE_LOOP_ANALYSIS = YES;
				CLANG_WARN_STRICT_PROTOTYPES = YES;
				CLANG_WARN_SUSPICIOUS_MOVE = YES;
				CLANG_WARN_UNGUARDED_AVAILABILITY = YES_AGGRESSIVE;
				CLANG_WARN_UNREACHABLE_CODE = YES;
				CLANG_WARN__DUPLICATE_METHOD_MATCH = YES;
				COPY_PHASE_STRIP = NO;
				DEBUG_INFORMATION_FORMAT = "dwarf-with-dsym";
				ENABLE_NS_ASSERTIONS = NO;
				ENABLE_STRICT_OBJC_MSGSEND = YES;
				ENABLE_USER_SCRIPT_SANDBOXING = YES;
				GCC_C_LANGUAGE_STANDARD = gnu17;
				GCC_NO_COMMON_BLOCKS = YES;
				GCC_WARN_64_TO_32_BIT_CONVERSION = YES;
				GCC_WARN_ABOUT_RETURN_TYPE = YES_ERROR;
				GCC_WARN_UNDECLARED_SELECTOR = YES;
				GCC_WARN_UNINITIALIZED_AUTOS = YES_AGGRESSIVE;
				GCC_WARN_UNUSED_FUNCTION = YES;
				GCC_WARN_UNUSED_VARIABLE = YES;
				IPHONEOS_DEPLOYMENT_TARGET = 17.0;
				LOCALIZATION_PREFERS_STRING_CATALOGS = YES;
				MACOSX_DEPLOYMENT_TARGET = 14.0;
				MTL_ENABLE_DEBUG_INFO = NO;
				MTL_FAST_MATH = YES;
				SWIFT_COMPILATION_MODE = wholemodule;
			};
			name = Release;
		};
		95456BDA2BE2ACAC00113B8A /* Debug */ = {
			isa = XCBuildConfiguration;
			buildSettings = {
				ASSETCATALOG_COMPILER_APPICON_NAME = AppIcon_colored;
				ASSETCATALOG_COMPILER_GLOBAL_ACCENT_COLOR_NAME = AccentColor;
				ASSETCATALOG_COMPILER_INCLUDE_ALL_APPICON_ASSETS = YES;
				CODE_SIGN_ENTITLEMENTS = Arcadia/Arcadia.entitlements;
				CODE_SIGN_IDENTITY = "Apple Development";
				"CODE_SIGN_IDENTITY[sdk=macosx*]" = "-";
				CODE_SIGN_STYLE = Automatic;
				CURRENT_PROJECT_VERSION = 26;
				DEVELOPMENT_ASSET_PATHS = "\"Arcadia/Preview Content\"";
				DEVELOPMENT_TEAM = 32DR4Q2NF7;
				ENABLE_HARDENED_RUNTIME = YES;
				ENABLE_PREVIEWS = YES;
				GENERATE_INFOPLIST_FILE = YES;
				INFOPLIST_FILE = Arcadia/Info.plist;
				INFOPLIST_KEY_CFBundleDisplayName = Arcadia;
				INFOPLIST_KEY_GCSupportsControllerUserInteraction = YES;
				INFOPLIST_KEY_GCSupportsGameMode = YES;
				INFOPLIST_KEY_LSApplicationCategoryType = "public.app-category.entertainment";
				INFOPLIST_KEY_LSSupportsOpeningDocumentsInPlace = YES;
				INFOPLIST_KEY_NSPhotoLibraryUsageDescription = "Access to your photo library is needed to load custom covers for games";
				INFOPLIST_KEY_UIApplicationSceneManifest_Generation = YES;
				"INFOPLIST_KEY_UIApplicationSceneManifest_Generation[sdk=iphoneos*]" = YES;
				"INFOPLIST_KEY_UIApplicationSceneManifest_Generation[sdk=iphonesimulator*]" = YES;
				INFOPLIST_KEY_UIApplicationSupportsIndirectInputEvents = YES;
				"INFOPLIST_KEY_UIApplicationSupportsIndirectInputEvents[sdk=iphoneos*]" = YES;
				"INFOPLIST_KEY_UIApplicationSupportsIndirectInputEvents[sdk=iphonesimulator*]" = YES;
				INFOPLIST_KEY_UILaunchScreen_Generation = YES;
				"INFOPLIST_KEY_UILaunchScreen_Generation[sdk=iphoneos*]" = YES;
				"INFOPLIST_KEY_UILaunchScreen_Generation[sdk=iphonesimulator*]" = YES;
				INFOPLIST_KEY_UIStatusBarStyle = UIStatusBarStyleDefault;
				"INFOPLIST_KEY_UIStatusBarStyle[sdk=iphoneos*]" = UIStatusBarStyleDefault;
				"INFOPLIST_KEY_UIStatusBarStyle[sdk=iphonesimulator*]" = UIStatusBarStyleDefault;
				INFOPLIST_KEY_UISupportedInterfaceOrientations_iPad = "UIInterfaceOrientationPortrait UIInterfaceOrientationPortraitUpsideDown UIInterfaceOrientationLandscapeLeft UIInterfaceOrientationLandscapeRight";
				INFOPLIST_KEY_UISupportedInterfaceOrientations_iPhone = "UIInterfaceOrientationPortrait UIInterfaceOrientationLandscapeLeft UIInterfaceOrientationLandscapeRight";
				IPHONEOS_DEPLOYMENT_TARGET = 17.0;
				LD_RUNPATH_SEARCH_PATHS = "@executable_path/Frameworks";
				"LD_RUNPATH_SEARCH_PATHS[sdk=macosx*]" = "@executable_path/../Frameworks";
				MACOSX_DEPLOYMENT_TARGET = 14.0;
				MARKETING_VERSION = 1.6;
				PRODUCT_BUNDLE_IDENTIFIER = com.davideandreoli.Arcadia;
				PRODUCT_NAME = "$(TARGET_NAME)";
				PROVISIONING_PROFILE_SPECIFIER = "";
				SDKROOT = macosx;
				SUPPORTED_PLATFORMS = "iphoneos iphonesimulator macosx";
				SUPPORTS_MACCATALYST = NO;
				SWIFT_EMIT_LOC_STRINGS = YES;
				SWIFT_VERSION = 5.0;
				TARGETED_DEVICE_FAMILY = "1,2";
				TVOS_DEPLOYMENT_TARGET = 17.0;
			};
			name = Debug;
		};
		95456BDB2BE2ACAC00113B8A /* Release */ = {
			isa = XCBuildConfiguration;
			buildSettings = {
				ASSETCATALOG_COMPILER_APPICON_NAME = AppIcon_colored;
				ASSETCATALOG_COMPILER_GLOBAL_ACCENT_COLOR_NAME = AccentColor;
				ASSETCATALOG_COMPILER_INCLUDE_ALL_APPICON_ASSETS = YES;
				CODE_SIGN_ENTITLEMENTS = Arcadia/Arcadia.entitlements;
				CODE_SIGN_IDENTITY = "Apple Development";
				"CODE_SIGN_IDENTITY[sdk=macosx*]" = "-";
				CODE_SIGN_STYLE = Automatic;
				CURRENT_PROJECT_VERSION = 26;
				DEVELOPMENT_ASSET_PATHS = "\"Arcadia/Preview Content\"";
				DEVELOPMENT_TEAM = 32DR4Q2NF7;
				ENABLE_HARDENED_RUNTIME = YES;
				ENABLE_PREVIEWS = YES;
				GENERATE_INFOPLIST_FILE = YES;
				INFOPLIST_FILE = Arcadia/Info.plist;
				INFOPLIST_KEY_CFBundleDisplayName = Arcadia;
				INFOPLIST_KEY_GCSupportsControllerUserInteraction = YES;
				INFOPLIST_KEY_GCSupportsGameMode = YES;
				INFOPLIST_KEY_LSApplicationCategoryType = "public.app-category.entertainment";
				INFOPLIST_KEY_LSSupportsOpeningDocumentsInPlace = YES;
				INFOPLIST_KEY_NSPhotoLibraryUsageDescription = "Access to your photo library is needed to load custom covers for games";
				INFOPLIST_KEY_UIApplicationSceneManifest_Generation = YES;
				"INFOPLIST_KEY_UIApplicationSceneManifest_Generation[sdk=iphoneos*]" = YES;
				"INFOPLIST_KEY_UIApplicationSceneManifest_Generation[sdk=iphonesimulator*]" = YES;
				INFOPLIST_KEY_UIApplicationSupportsIndirectInputEvents = YES;
				"INFOPLIST_KEY_UIApplicationSupportsIndirectInputEvents[sdk=iphoneos*]" = YES;
				"INFOPLIST_KEY_UIApplicationSupportsIndirectInputEvents[sdk=iphonesimulator*]" = YES;
				INFOPLIST_KEY_UILaunchScreen_Generation = YES;
				"INFOPLIST_KEY_UILaunchScreen_Generation[sdk=iphoneos*]" = YES;
				"INFOPLIST_KEY_UILaunchScreen_Generation[sdk=iphonesimulator*]" = YES;
				INFOPLIST_KEY_UIStatusBarStyle = UIStatusBarStyleDefault;
				"INFOPLIST_KEY_UIStatusBarStyle[sdk=iphoneos*]" = UIStatusBarStyleDefault;
				"INFOPLIST_KEY_UIStatusBarStyle[sdk=iphonesimulator*]" = UIStatusBarStyleDefault;
				INFOPLIST_KEY_UISupportedInterfaceOrientations_iPad = "UIInterfaceOrientationPortrait UIInterfaceOrientationPortraitUpsideDown UIInterfaceOrientationLandscapeLeft UIInterfaceOrientationLandscapeRight";
				INFOPLIST_KEY_UISupportedInterfaceOrientations_iPhone = "UIInterfaceOrientationPortrait UIInterfaceOrientationLandscapeLeft UIInterfaceOrientationLandscapeRight";
				IPHONEOS_DEPLOYMENT_TARGET = 17.0;
				LD_RUNPATH_SEARCH_PATHS = "@executable_path/Frameworks";
				"LD_RUNPATH_SEARCH_PATHS[sdk=macosx*]" = "@executable_path/../Frameworks";
				MACOSX_DEPLOYMENT_TARGET = 14.0;
				MARKETING_VERSION = 1.6;
				PRODUCT_BUNDLE_IDENTIFIER = com.davideandreoli.Arcadia;
				PRODUCT_NAME = "$(TARGET_NAME)";
				PROVISIONING_PROFILE_SPECIFIER = "";
				SDKROOT = macosx;
				SUPPORTED_PLATFORMS = "iphoneos iphonesimulator macosx";
				SUPPORTS_MACCATALYST = NO;
				SWIFT_EMIT_LOC_STRINGS = YES;
				SWIFT_VERSION = 5.0;
				TARGETED_DEVICE_FAMILY = "1,2";
				TVOS_DEPLOYMENT_TARGET = 17.0;
			};
			name = Release;
		};
		95456BDD2BE2ACAC00113B8A /* Debug */ = {
			isa = XCBuildConfiguration;
			buildSettings = {
				ALWAYS_EMBED_SWIFT_STANDARD_LIBRARIES = YES;
				BUNDLE_LOADER = "$(TEST_HOST)";
				CODE_SIGN_STYLE = Automatic;
				CURRENT_PROJECT_VERSION = 1;
				DEVELOPMENT_TEAM = 32DR4Q2NF7;
				GENERATE_INFOPLIST_FILE = YES;
				IPHONEOS_DEPLOYMENT_TARGET = 17.4;
				MACOSX_DEPLOYMENT_TARGET = 14.0;
				MARKETING_VERSION = 1.0;
				PRODUCT_BUNDLE_IDENTIFIER = com.davideandreoli.ArcadiaTests;
				PRODUCT_NAME = "$(TARGET_NAME)";
				SDKROOT = auto;
				SUPPORTED_PLATFORMS = "iphoneos iphonesimulator macosx";
				SWIFT_EMIT_LOC_STRINGS = NO;
				SWIFT_VERSION = 5.0;
				TARGETED_DEVICE_FAMILY = "1,2";
				TEST_HOST = "$(BUILT_PRODUCTS_DIR)/Arcadia.app/$(BUNDLE_EXECUTABLE_FOLDER_PATH)/Arcadia";
			};
			name = Debug;
		};
		95456BDE2BE2ACAC00113B8A /* Release */ = {
			isa = XCBuildConfiguration;
			buildSettings = {
				ALWAYS_EMBED_SWIFT_STANDARD_LIBRARIES = YES;
				BUNDLE_LOADER = "$(TEST_HOST)";
				CODE_SIGN_STYLE = Automatic;
				CURRENT_PROJECT_VERSION = 1;
				DEVELOPMENT_TEAM = 32DR4Q2NF7;
				GENERATE_INFOPLIST_FILE = YES;
				IPHONEOS_DEPLOYMENT_TARGET = 17.4;
				MACOSX_DEPLOYMENT_TARGET = 14.0;
				MARKETING_VERSION = 1.0;
				PRODUCT_BUNDLE_IDENTIFIER = com.davideandreoli.ArcadiaTests;
				PRODUCT_NAME = "$(TARGET_NAME)";
				SDKROOT = auto;
				SUPPORTED_PLATFORMS = "iphoneos iphonesimulator macosx";
				SWIFT_EMIT_LOC_STRINGS = NO;
				SWIFT_VERSION = 5.0;
				TARGETED_DEVICE_FAMILY = "1,2";
				TEST_HOST = "$(BUILT_PRODUCTS_DIR)/Arcadia.app/$(BUNDLE_EXECUTABLE_FOLDER_PATH)/Arcadia";
			};
			name = Release;
		};
		95456BE02BE2ACAC00113B8A /* Debug */ = {
			isa = XCBuildConfiguration;
			buildSettings = {
				ALWAYS_EMBED_SWIFT_STANDARD_LIBRARIES = YES;
				CODE_SIGN_STYLE = Automatic;
				CURRENT_PROJECT_VERSION = 1;
				DEVELOPMENT_TEAM = 32DR4Q2NF7;
				GENERATE_INFOPLIST_FILE = YES;
				IPHONEOS_DEPLOYMENT_TARGET = 17.4;
				MACOSX_DEPLOYMENT_TARGET = 14.0;
				MARKETING_VERSION = 1.0;
				PRODUCT_BUNDLE_IDENTIFIER = com.davideandreoli.ArcadiaUITests;
				PRODUCT_NAME = "$(TARGET_NAME)";
				SDKROOT = auto;
				SUPPORTED_PLATFORMS = "iphoneos iphonesimulator macosx";
				SWIFT_EMIT_LOC_STRINGS = NO;
				SWIFT_VERSION = 5.0;
				TARGETED_DEVICE_FAMILY = "1,2";
				TEST_TARGET_NAME = iRetroApp;
			};
			name = Debug;
		};
		95456BE12BE2ACAC00113B8A /* Release */ = {
			isa = XCBuildConfiguration;
			buildSettings = {
				ALWAYS_EMBED_SWIFT_STANDARD_LIBRARIES = YES;
				CODE_SIGN_STYLE = Automatic;
				CURRENT_PROJECT_VERSION = 1;
				DEVELOPMENT_TEAM = 32DR4Q2NF7;
				GENERATE_INFOPLIST_FILE = YES;
				IPHONEOS_DEPLOYMENT_TARGET = 17.4;
				MACOSX_DEPLOYMENT_TARGET = 14.0;
				MARKETING_VERSION = 1.0;
				PRODUCT_BUNDLE_IDENTIFIER = com.davideandreoli.ArcadiaUITests;
				PRODUCT_NAME = "$(TARGET_NAME)";
				SDKROOT = auto;
				SUPPORTED_PLATFORMS = "iphoneos iphonesimulator macosx";
				SWIFT_EMIT_LOC_STRINGS = NO;
				SWIFT_VERSION = 5.0;
				TARGETED_DEVICE_FAMILY = "1,2";
				TEST_TARGET_NAME = iRetroApp;
			};
			name = Release;
		};
/* End XCBuildConfiguration section */

/* Begin XCConfigurationList section */
		95456BAD2BE2ACA900113B8A /* Build configuration list for PBXProject "Arcadia" */ = {
			isa = XCConfigurationList;
			buildConfigurations = (
				95456BD72BE2ACAC00113B8A /* Debug */,
				95456BD82BE2ACAC00113B8A /* Release */,
			);
			defaultConfigurationIsVisible = 0;
			defaultConfigurationName = Release;
		};
		95456BD92BE2ACAC00113B8A /* Build configuration list for PBXNativeTarget "Arcadia" */ = {
			isa = XCConfigurationList;
			buildConfigurations = (
				95456BDA2BE2ACAC00113B8A /* Debug */,
				95456BDB2BE2ACAC00113B8A /* Release */,
			);
			defaultConfigurationIsVisible = 0;
			defaultConfigurationName = Release;
		};
		95456BDC2BE2ACAC00113B8A /* Build configuration list for PBXNativeTarget "ArcadiaTests" */ = {
			isa = XCConfigurationList;
			buildConfigurations = (
				95456BDD2BE2ACAC00113B8A /* Debug */,
				95456BDE2BE2ACAC00113B8A /* Release */,
			);
			defaultConfigurationIsVisible = 0;
			defaultConfigurationName = Release;
		};
		95456BDF2BE2ACAC00113B8A /* Build configuration list for PBXNativeTarget "ArcadiaUITests" */ = {
			isa = XCConfigurationList;
			buildConfigurations = (
				95456BE02BE2ACAC00113B8A /* Debug */,
				95456BE12BE2ACAC00113B8A /* Release */,
			);
			defaultConfigurationIsVisible = 0;
			defaultConfigurationName = Release;
		};
/* End XCConfigurationList section */
	};
	rootObject = 95456BAA2BE2ACA900113B8A /* Project object */;
}
